<?xml version="1.0" encoding="utf-8"?>
<Project ToolsVersion="4.0" xmlns="http://schemas.microsoft.com/developer/msbuild/2003">
  <ItemGroup>
    <Filter Include="Shared">
      <UniqueIdentifier>{4194265d-f5b2-4627-970b-b1e305720dcf}</UniqueIdentifier>
    </Filter>
    <Filter Include="Shared\model">
      <UniqueIdentifier>{3d1df982-2456-4e15-974e-a5406be6e7d0}</UniqueIdentifier>
    </Filter>
    <Filter Include="Shared\jansson">
      <UniqueIdentifier>{b4772492-caad-470b-934b-fac1ffd85f2d}</UniqueIdentifier>
    </Filter>
    <Filter Include="Shared\libs">
      <UniqueIdentifier>{c040b490-0460-4c43-a3e9-f41c7cdac5c1}</UniqueIdentifier>
    </Filter>
    <Filter Include="Source">
      <UniqueIdentifier>{4FC737F1-C7A5-4376-A066-2A32D752A2FF}</UniqueIdentifier>
      <Extensions>cpp;c;cc;cxx;def;odl;idl;hpj;bat;asm;asmx</Extensions>
    </Filter>
    <Filter Include="Shared\libs\fsmonitor">
      <UniqueIdentifier>{c1a669b2-1b3c-403f-99ec-1478536e864f}</UniqueIdentifier>
    </Filter>
  </ItemGroup>
  <ItemGroup>
    <ClCompile Include="app\main.c">
      <Filter>Source</Filter>
    </ClCompile>
    <ClCompile Include="..\Shared\autorelease.c">
      <Filter>Shared</Filter>
    </ClCompile>
    <ClCompile Include="..\Shared\communication.c">
      <Filter>Shared</Filter>
    </ClCompile>
    <ClCompile Include="..\Shared\console.c">
      <Filter>Shared</Filter>
    </ClCompile>
    <ClCompile Include="..\Shared\eventbus.c">
      <Filter>Shared</Filter>
    </ClCompile>
    <ClCompile Include="..\Shared\reload_request.c">
      <Filter>Shared</Filter>
    </ClCompile>
    <ClCompile Include="..\Shared\stringutil.c">
      <Filter>Shared</Filter>
    </ClCompile>
    <ClCompile Include="..\Shared\jansson\error.c">
      <Filter>Shared\jansson</Filter>
    </ClCompile>
    <ClCompile Include="..\Shared\jansson\hashtable.c">
      <Filter>Shared\jansson</Filter>
    </ClCompile>
    <ClCompile Include="..\Shared\jansson\load.c">
      <Filter>Shared\jansson</Filter>
    </ClCompile>
    <ClCompile Include="..\Shared\jansson\memory.c">
      <Filter>Shared\jansson</Filter>
    </ClCompile>
    <ClCompile Include="..\Shared\jansson\pack_unpack.c">
      <Filter>Shared\jansson</Filter>
    </ClCompile>
    <ClCompile Include="..\Shared\jansson\strbuffer.c">
      <Filter>Shared\jansson</Filter>
    </ClCompile>
    <ClCompile Include="..\Shared\jansson\strconv.c">
      <Filter>Shared\jansson</Filter>
    </ClCompile>
    <ClCompile Include="..\Shared\jansson\utf.c">
      <Filter>Shared\jansson</Filter>
    </ClCompile>
    <ClCompile Include="..\Shared\jansson\value.c">
      <Filter>Shared\jansson</Filter>
    </ClCompile>
    <ClCompile Include="..\Shared\common.c">
      <Filter>Shared</Filter>
    </ClCompile>
    <ClCompile Include="osdep.c">
      <Filter>Source</Filter>
    </ClCompile>
    <ClCompile Include="..\Shared\model\project.c">
      <Filter>Shared\model</Filter>
    </ClCompile>
    <ClCompile Include="..\Shared\nodeapi.c">
      <Filter>Shared</Filter>
    </ClCompile>
    <ClCompile Include="..\Shared\jansson\dump.c">
      <Filter>Shared\jansson</Filter>
    </ClCompile>
    <ClCompile Include="..\Shared\msg_router.c">
      <Filter>Shared</Filter>
    </ClCompile>
    <ClCompile Include="..\Shared\msg_proxy.c">
      <Filter>Shared</Filter>
    </ClCompile>
    <ClCompile Include="..\Shared\monitoring.c">
      <Filter>Shared</Filter>
    </ClCompile>
    <ClCompile Include="..\Shared\libs\fsmonitor\src\fsdiff.c">
      <Filter>Shared\libs\fsmonitor</Filter>
    </ClCompile>
    <ClCompile Include="..\Shared\libs\fsmonitor\src\fslistener_win32.c">
      <Filter>Shared\libs\fsmonitor</Filter>
    </ClCompile>
    <ClCompile Include="..\Shared\libs\fsmonitor\src\fsmonitor.c">
      <Filter>Shared\libs\fsmonitor</Filter>
    </ClCompile>
    <ClCompile Include="..\Shared\libs\fsmonitor\src\fstree.c">
      <Filter>Shared\libs\fsmonitor</Filter>
    </ClCompile>
    <ClCompile Include="..\Shared\libs\fsmonitor\src\fstree_create_win32.c">
      <Filter>Shared\libs\fsmonitor</Filter>
    </ClCompile>
    <ClCompile Include="..\Shared\libs\fsmonitor\src\fstree_diff.c">
      <Filter>Shared\libs\fsmonitor</Filter>
    </ClCompile>
  </ItemGroup>
  <ItemGroup>
    <ClInclude Include="..\Shared\autorelease.h">
      <Filter>Shared</Filter>
    </ClInclude>
    <ClInclude Include="..\Shared\common.h">
      <Filter>Shared</Filter>
    </ClInclude>
    <ClInclude Include="..\Shared\communication.h">
      <Filter>Shared</Filter>
    </ClInclude>
    <ClInclude Include="..\Shared\console.h">
      <Filter>Shared</Filter>
    </ClInclude>
    <ClInclude Include="..\Shared\eventbus.h">
      <Filter>Shared</Filter>
    </ClInclude>
    <ClInclude Include="..\Shared\reload_request.h">
      <Filter>Shared</Filter>
    </ClInclude>
    <ClInclude Include="..\Shared\sglib.h">
      <Filter>Shared</Filter>
    </ClInclude>
    <ClInclude Include="..\Shared\stringutil.h">
      <Filter>Shared</Filter>
    </ClInclude>
    <ClInclude Include="..\Shared\jansson\hashtable.h">
      <Filter>Shared\jansson</Filter>
    </ClInclude>
    <ClInclude Include="..\Shared\jansson\jansson.h">
      <Filter>Shared\jansson</Filter>
    </ClInclude>
    <ClInclude Include="..\Shared\jansson\jansson_config.h">
      <Filter>Shared\jansson</Filter>
    </ClInclude>
    <ClInclude Include="..\Shared\jansson\jansson_private.h">
      <Filter>Shared\jansson</Filter>
    </ClInclude>
    <ClInclude Include="..\Shared\jansson\strbuffer.h">
      <Filter>Shared\jansson</Filter>
    </ClInclude>
    <ClInclude Include="..\Shared\jansson\utf.h">
      <Filter>Shared\jansson</Filter>
    </ClInclude>
    <ClInclude Include="..\Shared\model\project.h">
      <Filter>Shared\model</Filter>
    </ClInclude>
    <ClInclude Include="..\Shared\osdep.h">
      <Filter>Shared</Filter>
    </ClInclude>
    <ClInclude Include="..\Shared\libs\kvec.h">
      <Filter>Shared\libs</Filter>
    </ClInclude>
    <ClInclude Include="resource.h">
      <Filter>Source</Filter>
    </ClInclude>
    <ClInclude Include="..\Shared\nodeapi.h">
      <Filter>Shared</Filter>
    </ClInclude>
    <ClInclude Include="..\Shared\msg_router.h">
      <Filter>Shared</Filter>
    </ClInclude>
    <ClInclude Include="..\Shared\msg_proxy.h">
      <Filter>Shared</Filter>
    </ClInclude>
  </ItemGroup>
  <ItemGroup>
    <ResourceCompile Include="LiveReload.rc">
      <Filter>Source</Filter>
    </ResourceCompile>
  </ItemGroup>
</Project>