PODS:
  - PromiseKit/CorePromise (3.5.1)
  - PromiseKit/DietFoundation (3.5.1):
    - PromiseKit/CorePromise
  - PromiseKit/SystemConfiguration (3.5.1):
    - PromiseKit/CorePromise

DEPENDENCIES:
  - PromiseKit/CorePromise
  - PromiseKit/DietFoundation
  - PromiseKit/SystemConfiguration

SPEC CHECKSUMS:
  PromiseKit: 99ea973444a4bff6c38ffb97fa1bb175e619bcf0

PODFILE CHECKSUM: 0274fec155a4427aaf08f8e62cc1b8e747e489de

COCOAPODS: 1.0.1
