// !$*UTF8*$!
{
	archiveVersion = 1;
	classes = {
	};
	objectVersion = 46;
	objects = {

/* Begin PBXBuildFile section */
		4334FBBF1BC448BF00276534 /* RelPath.swift in Sources */ = {isa = PBXBuildFile; fileRef = 4334FBBE1BC448BF00276534 /* RelPath.swift */; };
		4334FBC31BC44DAD00276534 /* PathGlobals.swift in Sources */ = {isa = PBXBuildFile; fileRef = 4334FBC21BC44DAD00276534 /* PathGlobals.swift */; };
		4334FBC91BC4687500276534 /* RelPathTests.swift in Sources */ = {isa = PBXBuildFile; fileRef = 4334FBC81BC4687500276534 /* RelPathTests.swift */; };
		43C3751D1BCAF8CA000A1C37 /* StringExtensions.swift in Sources */ = {isa = PBXBuildFile; fileRef = 43C3751C1BCAF8CA000A1C37 /* StringExtensions.swift */; };
		43D6A9491BB4407A00296B03 /* ATPathSpec.framework in Frameworks */ = {isa = PBXBuildFile; fileRef = 43D6A93E1BB4407900296B03 /* ATPathSpec.framework */; };
		43D6A95C1BB440D000296B03 /* ATPathSpec.h in Headers */ = {isa = PBXBuildFile; fileRef = 43D6A9591BB440D000296B03 /* ATPathSpec.h */; settings = {ATTRIBUTES = (Public, ); }; };
		43D6A95D1BB440D000296B03 /* ATPathSpec.m in Sources */ = {isa = PBXBuildFile; fileRef = 43D6A95A1BB440D000296B03 /* ATPathSpec.m */; };
		43D6A95E1BB440D000296B03 /* ATPathSpecPrivate.h in Headers */ = {isa = PBXBuildFile; fileRef = 43D6A95B1BB440D000296B03 /* ATPathSpecPrivate.h */; };
		43D6A9661BB440DC00296B03 /* ATPathSpecIntroTests.m in Sources */ = {isa = PBXBuildFile; fileRef = 43D6A9601BB440DC00296B03 /* ATPathSpecIntroTests.m */; };
		43D6A9671BB440DC00296B03 /* ATPathSpecMatchInfoTests.m in Sources */ = {isa = PBXBuildFile; fileRef = 43D6A9611BB440DC00296B03 /* ATPathSpecMatchInfoTests.m */; };
		43D6A9681BB440DC00296B03 /* ATPathSpecMetadataTests.m in Sources */ = {isa = PBXBuildFile; fileRef = 43D6A9621BB440DC00296B03 /* ATPathSpecMetadataTests.m */; };
		43D6A9691BB440DC00296B03 /* ATPathSpecMultiComponentTests.m in Sources */ = {isa = PBXBuildFile; fileRef = 43D6A9631BB440DC00296B03 /* ATPathSpecMultiComponentTests.m */; };
		43D6A96A1BB440DC00296B03 /* ATPathSpecSingleComponentTests.m in Sources */ = {isa = PBXBuildFile; fileRef = 43D6A9641BB440DC00296B03 /* ATPathSpecSingleComponentTests.m */; };
		43D6A96B1BB440DC00296B03 /* ATPathSpecTokenizerTests.m in Sources */ = {isa = PBXBuildFile; fileRef = 43D6A9651BB440DC00296B03 /* ATPathSpecTokenizerTests.m */; };
/* End PBXBuildFile section */

/* Begin PBXContainerItemProxy section */
		43D6A94A1BB4407A00296B03 /* PBXContainerItemProxy */ = {
			isa = PBXContainerItemProxy;
			containerPortal = 43D6A9351BB4407900296B03 /* Project object */;
			proxyType = 1;
			remoteGlobalIDString = 43D6A93D1BB4407900296B03;
			remoteInfo = ATPathSpec;
		};
/* End PBXContainerItemProxy section */

/* Begin PBXFileReference section */
		4334FBBE1BC448BF00276534 /* RelPath.swift */ = {isa = PBXFileReference; fileEncoding = 4; lastKnownFileType = sourcecode.swift; path = RelPath.swift; sourceTree = "<group>"; };
		4334FBC21BC44DAD00276534 /* PathGlobals.swift */ = {isa = PBXFileReference; fileEncoding = 4; lastKnownFileType = sourcecode.swift; path = PathGlobals.swift; sourceTree = "<group>"; };
		4334FBC81BC4687500276534 /* RelPathTests.swift */ = {isa = PBXFileReference; fileEncoding = 4; lastKnownFileType = sourcecode.swift; path = RelPathTests.swift; sourceTree = "<group>"; };
		43C375001BC71568000A1C37 /* PathNode.swift */ = {isa = PBXFileReference; lastKnownFileType = sourcecode.swift; path = PathNode.swift; sourceTree = "<group>"; };
		43C375011BC71568000A1C37 /* PathNodeChild.swift */ = {isa = PBXFileReference; lastKnownFileType = sourcecode.swift; path = PathNodeChild.swift; sourceTree = "<group>"; };
		43C375021BC71568000A1C37 /* PathRoot.swift */ = {isa = PBXFileReference; lastKnownFileType = sourcecode.swift; path = PathRoot.swift; sourceTree = "<group>"; };
		43C3751C1BCAF8CA000A1C37 /* StringExtensions.swift */ = {isa = PBXFileReference; fileEncoding = 4; lastKnownFileType = sourcecode.swift; path = StringExtensions.swift; sourceTree = "<group>"; };
		43D6A93E1BB4407900296B03 /* ATPathSpec.framework */ = {isa = PBXFileReference; explicitFileType = wrapper.framework; includeInIndex = 0; path = ATPathSpec.framework; sourceTree = BUILT_PRODUCTS_DIR; };
		43D6A9481BB4407A00296B03 /* ATPathSpecTests.xctest */ = {isa = PBXFileReference; explicitFileType = wrapper.cfbundle; includeInIndex = 0; path = ATPathSpecTests.xctest; sourceTree = BUILT_PRODUCTS_DIR; };
		43D6A9591BB440D000296B03 /* ATPathSpec.h */ = {isa = PBXFileReference; fileEncoding = 4; lastKnownFileType = sourcecode.c.h; path = ATPathSpec.h; sourceTree = "<group>"; };
		43D6A95A1BB440D000296B03 /* ATPathSpec.m */ = {isa = PBXFileReference; fileEncoding = 4; lastKnownFileType = sourcecode.c.objc; path = ATPathSpec.m; sourceTree = "<group>"; };
		43D6A95B1BB440D000296B03 /* ATPathSpecPrivate.h */ = {isa = PBXFileReference; fileEncoding = 4; lastKnownFileType = sourcecode.c.h; path = ATPathSpecPrivate.h; sourceTree = "<group>"; };
		43D6A9601BB440DC00296B03 /* ATPathSpecIntroTests.m */ = {isa = PBXFileReference; fileEncoding = 4; lastKnownFileType = sourcecode.c.objc; path = ATPathSpecIntroTests.m; sourceTree = "<group>"; };
		43D6A9611BB440DC00296B03 /* ATPathSpecMatchInfoTests.m */ = {isa = PBXFileReference; fileEncoding = 4; lastKnownFileType = sourcecode.c.objc; path = ATPathSpecMatchInfoTests.m; sourceTree = "<group>"; };
		43D6A9621BB440DC00296B03 /* ATPathSpecMetadataTests.m */ = {isa = PBXFileReference; fileEncoding = 4; lastKnownFileType = sourcecode.c.objc; path = ATPathSpecMetadataTests.m; sourceTree = "<group>"; };
		43D6A9631BB440DC00296B03 /* ATPathSpecMultiComponentTests.m */ = {isa = PBXFileReference; fileEncoding = 4; lastKnownFileType = sourcecode.c.objc; path = ATPathSpecMultiComponentTests.m; sourceTree = "<group>"; };
		43D6A9641BB440DC00296B03 /* ATPathSpecSingleComponentTests.m */ = {isa = PBXFileReference; fileEncoding = 4; lastKnownFileType = sourcecode.c.objc; path = ATPathSpecSingleComponentTests.m; sourceTree = "<group>"; };
		43D6A9651BB440DC00296B03 /* ATPathSpecTokenizerTests.m */ = {isa = PBXFileReference; fileEncoding = 4; lastKnownFileType = sourcecode.c.objc; path = ATPathSpecTokenizerTests.m; sourceTree = "<group>"; };
		43D6A96D1BB440E400296B03 /* Info-Tests.plist */ = {isa = PBXFileReference; lastKnownFileType = text.plist.xml; path = "Info-Tests.plist"; sourceTree = "<group>"; };
		43D6A96E1BB440E400296B03 /* Info.plist */ = {isa = PBXFileReference; lastKnownFileType = text.plist.xml; path = Info.plist; sourceTree = "<group>"; };
		43D6A96F1BB4419E00296B03 /* ATPathSpec.podspec */ = {isa = PBXFileReference; lastKnownFileType = text; path = ATPathSpec.podspec; sourceTree = "<group>"; };
		43D6A9701BB4419E00296B03 /* README.md */ = {isa = PBXFileReference; lastKnownFileType = net.daringfireball.markdown; path = README.md; sourceTree = "<group>"; };
/* End PBXFileReference section */

/* Begin PBXFrameworksBuildPhase section */
		43D6A93A1BB4407900296B03 /* Frameworks */ = {
			isa = PBXFrameworksBuildPhase;
			buildActionMask = 2147483647;
			files = (
			);
			runOnlyForDeploymentPostprocessing = 0;
		};
		43D6A9451BB4407A00296B03 /* Frameworks */ = {
			isa = PBXFrameworksBuildPhase;
			buildActionMask = 2147483647;
			files = (
				43D6A9491BB4407A00296B03 /* ATPathSpec.framework in Frameworks */,
			);
			runOnlyForDeploymentPostprocessing = 0;
		};
/* End PBXFrameworksBuildPhase section */

/* Begin PBXGroup section */
		43C374FF1BC71568000A1C37 /* ExperimentalSource */ = {
			isa = PBXGroup;
			children = (
				43C375001BC71568000A1C37 /* PathNode.swift */,
				43C375011BC71568000A1C37 /* PathNodeChild.swift */,
				43C375021BC71568000A1C37 /* PathRoot.swift */,
			);
			path = ExperimentalSource;
			sourceTree = "<group>";
		};
		43D6A9341BB4407900296B03 = {
			isa = PBXGroup;
			children = (
				43D6A9701BB4419E00296B03 /* README.md */,
				43D6A96F1BB4419E00296B03 /* ATPathSpec.podspec */,
				43D6A9581BB440D000296B03 /* Source */,
				43C374FF1BC71568000A1C37 /* ExperimentalSource */,
				43D6A95F1BB440DC00296B03 /* Tests */,
				43D6A96C1BB440E400296B03 /* Metadata */,
				43D6A93F1BB4407900296B03 /* Products */,
			);
			sourceTree = "<group>";
		};
		43D6A93F1BB4407900296B03 /* Products */ = {
			isa = PBXGroup;
			children = (
				43D6A93E1BB4407900296B03 /* ATPathSpec.framework */,
				43D6A9481BB4407A00296B03 /* ATPathSpecTests.xctest */,
			);
			name = Products;
			sourceTree = "<group>";
		};
		43D6A9581BB440D000296B03 /* Source */ = {
			isa = PBXGroup;
			children = (
				43D6A9591BB440D000296B03 /* ATPathSpec.h */,
				43D6A95A1BB440D000296B03 /* ATPathSpec.m */,
				43D6A95B1BB440D000296B03 /* ATPathSpecPrivate.h */,
				4334FBC21BC44DAD00276534 /* PathGlobals.swift */,
				4334FBBE1BC448BF00276534 /* RelPath.swift */,
				43C3751C1BCAF8CA000A1C37 /* StringExtensions.swift */,
			);
			path = Source;
			sourceTree = "<group>";
		};
		43D6A95F1BB440DC00296B03 /* Tests */ = {
			isa = PBXGroup;
			children = (
				43D6A9601BB440DC00296B03 /* ATPathSpecIntroTests.m */,
				43D6A9611BB440DC00296B03 /* ATPathSpecMatchInfoTests.m */,
				43D6A9621BB440DC00296B03 /* ATPathSpecMetadataTests.m */,
				43D6A9631BB440DC00296B03 /* ATPathSpecMultiComponentTests.m */,
				43D6A9641BB440DC00296B03 /* ATPathSpecSingleComponentTests.m */,
				43D6A9651BB440DC00296B03 /* ATPathSpecTokenizerTests.m */,
				4334FBC81BC4687500276534 /* RelPathTests.swift */,
			);
			path = Tests;
			sourceTree = "<group>";
		};
		43D6A96C1BB440E400296B03 /* Metadata */ = {
			isa = PBXGroup;
			children = (
				43D6A96D1BB440E400296B03 /* Info-Tests.plist */,
				43D6A96E1BB440E400296B03 /* Info.plist */,
			);
			path = Metadata;
			sourceTree = "<group>";
		};
/* End PBXGroup section */

/* Begin PBXHeadersBuildPhase section */
		43D6A93B1BB4407900296B03 /* Headers */ = {
			isa = PBXHeadersBuildPhase;
			buildActionMask = 2147483647;
			files = (
				43D6A95C1BB440D000296B03 /* ATPathSpec.h in Headers */,
				43D6A95E1BB440D000296B03 /* ATPathSpecPrivate.h in Headers */,
			);
			runOnlyForDeploymentPostprocessing = 0;
		};
/* End PBXHeadersBuildPhase section */

/* Begin PBXNativeTarget section */
		43D6A93D1BB4407900296B03 /* ATPathSpec */ = {
			isa = PBXNativeTarget;
			buildConfigurationList = 43D6A9521BB4407A00296B03 /* Build configuration list for PBXNativeTarget "ATPathSpec" */;
			buildPhases = (
				43D6A9391BB4407900296B03 /* Sources */,
				43D6A93A1BB4407900296B03 /* Frameworks */,
				43D6A93B1BB4407900296B03 /* Headers */,
				43D6A93C1BB4407900296B03 /* Resources */,
			);
			buildRules = (
			);
			dependencies = (
			);
			name = ATPathSpec;
			productName = ATPathSpec;
			productReference = 43D6A93E1BB4407900296B03 /* ATPathSpec.framework */;
			productType = "com.apple.product-type.framework";
		};
		43D6A9471BB4407A00296B03 /* ATPathSpecTests */ = {
			isa = PBXNativeTarget;
			buildConfigurationList = 43D6A9551BB4407A00296B03 /* Build configuration list for PBXNativeTarget "ATPathSpecTests" */;
			buildPhases = (
				43D6A9441BB4407A00296B03 /* Sources */,
				43D6A9451BB4407A00296B03 /* Frameworks */,
				43D6A9461BB4407A00296B03 /* Resources */,
			);
			buildRules = (
			);
			dependencies = (
				43D6A94B1BB4407A00296B03 /* PBXTargetDependency */,
			);
			name = ATPathSpecTests;
			productName = ATPathSpecTests;
			productReference = 43D6A9481BB4407A00296B03 /* ATPathSpecTests.xctest */;
			productType = "com.apple.product-type.bundle.unit-test";
		};
/* End PBXNativeTarget section */

/* Begin PBXProject section */
		43D6A9351BB4407900296B03 /* Project object */ = {
			isa = PBXProject;
			attributes = {
				LastSwiftUpdateCheck = 0700;
				LastUpgradeCheck = 0700;
				ORGANIZATIONNAME = "Andrey Tarantsov";
				TargetAttributes = {
					43D6A93D1BB4407900296B03 = {
						CreatedOnToolsVersion = 7.0;
						LastSwiftMigration = 0800;
					};
					43D6A9471BB4407A00296B03 = {
						CreatedOnToolsVersion = 7.0;
					};
				};
			};
			buildConfigurationList = 43D6A9381BB4407900296B03 /* Build configuration list for PBXProject "ATPathSpec" */;
			compatibilityVersion = "Xcode 3.2";
			developmentRegion = English;
			hasScannedForEncodings = 0;
			knownRegions = (
				en,
			);
			mainGroup = 43D6A9341BB4407900296B03;
			productRefGroup = 43D6A93F1BB4407900296B03 /* Products */;
			projectDirPath = "";
			projectRoot = "";
			targets = (
				43D6A93D1BB4407900296B03 /* ATPathSpec */,
				43D6A9471BB4407A00296B03 /* ATPathSpecTests */,
			);
		};
/* End PBXProject section */

/* Begin PBXResourcesBuildPhase section */
		43D6A93C1BB4407900296B03 /* Resources */ = {
			isa = PBXResourcesBuildPhase;
			buildActionMask = 2147483647;
			files = (
			);
			runOnlyForDeploymentPostprocessing = 0;
		};
		43D6A9461BB4407A00296B03 /* Resources */ = {
			isa = PBXResourcesBuildPhase;
			buildActionMask = 2147483647;
			files = (
			);
			runOnlyForDeploymentPostprocessing = 0;
		};
/* End PBXResourcesBuildPhase section */

/* Begin PBXSourcesBuildPhase section */
		43D6A9391BB4407900296B03 /* Sources */ = {
			isa = PBXSourcesBuildPhase;
			buildActionMask = 2147483647;
			files = (
				4334FBC31BC44DAD00276534 /* PathGlobals.swift in Sources */,
				4334FBBF1BC448BF00276534 /* RelPath.swift in Sources */,
				43C3751D1BCAF8CA000A1C37 /* StringExtensions.swift in Sources */,
				43D6A95D1BB440D000296B03 /* ATPathSpec.m in Sources */,
			);
			runOnlyForDeploymentPostprocessing = 0;
		};
		43D6A9441BB4407A00296B03 /* Sources */ = {
			isa = PBXSourcesBuildPhase;
			buildActionMask = 2147483647;
			files = (
				43D6A9691BB440DC00296B03 /* ATPathSpecMultiComponentTests.m in Sources */,
				43D6A96A1BB440DC00296B03 /* ATPathSpecSingleComponentTests.m in Sources */,
				43D6A96B1BB440DC00296B03 /* ATPathSpecTokenizerTests.m in Sources */,
				43D6A9681BB440DC00296B03 /* ATPathSpecMetadataTests.m in Sources */,
				43D6A9671BB440DC00296B03 /* ATPathSpecMatchInfoTests.m in Sources */,
				4334FBC91BC4687500276534 /* RelPathTests.swift in Sources */,
				43D6A9661BB440DC00296B03 /* ATPathSpecIntroTests.m in Sources */,
			);
			runOnlyForDeploymentPostprocessing = 0;
		};
/* End PBXSourcesBuildPhase section */

/* Begin PBXTargetDependency section */
		43D6A94B1BB4407A00296B03 /* PBXTargetDependency */ = {
			isa = PBXTargetDependency;
			target = 43D6A93D1BB4407900296B03 /* ATPathSpec */;
			targetProxy = 43D6A94A1BB4407A00296B03 /* PBXContainerItemProxy */;
		};
/* End PBXTargetDependency section */

/* Begin XCBuildConfiguration section */
		43D6A9501BB4407A00296B03 /* Debug */ = {
			isa = XCBuildConfiguration;
			buildSettings = {
				ALWAYS_SEARCH_USER_PATHS = NO;
				CLANG_CXX_LANGUAGE_STANDARD = "gnu++0x";
				CLANG_CXX_LIBRARY = "libc++";
				CLANG_ENABLE_MODULES = YES;
				CLANG_ENABLE_OBJC_ARC = YES;
				CLANG_WARN_BOOL_CONVERSION = YES;
				CLANG_WARN_CONSTANT_CONVERSION = YES;
				CLANG_WARN_DIRECT_OBJC_ISA_USAGE = YES_ERROR;
				CLANG_WARN_EMPTY_BODY = YES;
				CLANG_WARN_ENUM_CONVERSION = YES;
				CLANG_WARN_INT_CONVERSION = YES;
				CLANG_WARN_OBJC_ROOT_CLASS = YES_ERROR;
				CLANG_WARN_UNREACHABLE_CODE = YES;
				CLANG_WARN__DUPLICATE_METHOD_MATCH = YES;
				COPY_PHASE_STRIP = NO;
				CURRENT_PROJECT_VERSION = 1;
				DEBUG_INFORMATION_FORMAT = dwarf;
				ENABLE_STRICT_OBJC_MSGSEND = YES;
				ENABLE_TESTABILITY = YES;
				GCC_C_LANGUAGE_STANDARD = gnu99;
				GCC_DYNAMIC_NO_PIC = NO;
				GCC_NO_COMMON_BLOCKS = YES;
				GCC_OPTIMIZATION_LEVEL = 0;
				GCC_PREPROCESSOR_DEFINITIONS = (
					"DEBUG=1",
					"$(inherited)",
				);
				GCC_WARN_64_TO_32_BIT_CONVERSION = YES;
				GCC_WARN_ABOUT_RETURN_TYPE = YES_ERROR;
				GCC_WARN_UNDECLARED_SELECTOR = YES;
				GCC_WARN_UNINITIALIZED_AUTOS = YES_AGGRESSIVE;
				GCC_WARN_UNUSED_FUNCTION = YES;
				GCC_WARN_UNUSED_VARIABLE = YES;
				MACOSX_DEPLOYMENT_TARGET = 10.10;
				MTL_ENABLE_DEBUG_INFO = YES;
				ONLY_ACTIVE_ARCH = YES;
				SDKROOT = macosx;
				VERSIONING_SYSTEM = "apple-generic";
				VERSION_INFO_PREFIX = "";
			};
			name = Debug;
		};
		43D6A9511BB4407A00296B03 /* Release */ = {
			isa = XCBuildConfiguration;
			buildSettings = {
				ALWAYS_SEARCH_USER_PATHS = NO;
				CLANG_CXX_LANGUAGE_STANDARD = "gnu++0x";
				CLANG_CXX_LIBRARY = "libc++";
				CLANG_ENABLE_MODULES = YES;
				CLANG_ENABLE_OBJC_ARC = YES;
				CLANG_WARN_BOOL_CONVERSION = YES;
				CLANG_WARN_CONSTANT_CONVERSION = YES;
				CLANG_WARN_DIRECT_OBJC_ISA_USAGE = YES_ERROR;
				CLANG_WARN_EMPTY_BODY = YES;
				CLANG_WARN_ENUM_CONVERSION = YES;
				CLANG_WARN_INT_CONVERSION = YES;
				CLANG_WARN_OBJC_ROOT_CLASS = YES_ERROR;
				CLANG_WARN_UNREACHABLE_CODE = YES;
				CLANG_WARN__DUPLICATE_METHOD_MATCH = YES;
				COPY_PHASE_STRIP = NO;
				CURRENT_PROJECT_VERSION = 1;
				DEBUG_INFORMATION_FORMAT = "dwarf-with-dsym";
				ENABLE_NS_ASSERTIONS = NO;
				ENABLE_STRICT_OBJC_MSGSEND = YES;
				GCC_C_LANGUAGE_STANDARD = gnu99;
				GCC_NO_COMMON_BLOCKS = YES;
				GCC_WARN_64_TO_32_BIT_CONVERSION = YES;
				GCC_WARN_ABOUT_RETURN_TYPE = YES_ERROR;
				GCC_WARN_UNDECLARED_SELECTOR = YES;
				GCC_WARN_UNINITIALIZED_AUTOS = YES_AGGRESSIVE;
				GCC_WARN_UNUSED_FUNCTION = YES;
				GCC_WARN_UNUSED_VARIABLE = YES;
				MACOSX_DEPLOYMENT_TARGET = 10.10;
				MTL_ENABLE_DEBUG_INFO = NO;
				SDKROOT = macosx;
				VERSIONING_SYSTEM = "apple-generic";
				VERSION_INFO_PREFIX = "";
			};
			name = Release;
		};
		43D6A9531BB4407A00296B03 /* Debug */ = {
			isa = XCBuildConfiguration;
			buildSettings = {
				CLANG_ENABLE_MODULES = YES;
				COMBINE_HIDPI_IMAGES = YES;
				DEFINES_MODULE = YES;
				DYLIB_COMPATIBILITY_VERSION = 1;
				DYLIB_CURRENT_VERSION = 1;
				DYLIB_INSTALL_NAME_BASE = "@rpath";
				FRAMEWORK_VERSION = A;
				INFOPLIST_FILE = Metadata/Info.plist;
				INSTALL_PATH = "$(LOCAL_LIBRARY_DIR)/Frameworks";
				LD_RUNPATH_SEARCH_PATHS = "$(inherited) @executable_path/../Frameworks @loader_path/Frameworks";
				PRODUCT_BUNDLE_IDENTIFIER = com.tarantsov.ATPathSpec;
				PRODUCT_NAME = "$(TARGET_NAME)";
				SKIP_INSTALL = YES;
				SWIFT_OPTIMIZATION_LEVEL = "-Onone";
				SWIFT_VERSION = 2.3;
			};
			name = Debug;
		};
		43D6A9541BB4407A00296B03 /* Release */ = {
			isa = XCBuildConfiguration;
			buildSettings = {
				CLANG_ENABLE_MODULES = YES;
				COMBINE_HIDPI_IMAGES = YES;
				DEFINES_MODULE = YES;
				DYLIB_COMPATIBILITY_VERSION = 1;
				DYLIB_CURRENT_VERSION = 1;
				DYLIB_INSTALL_NAME_BASE = "@rpath";
				FRAMEWORK_VERSION = A;
				INFOPLIST_FILE = Metadata/Info.plist;
				INSTALL_PATH = "$(LOCAL_LIBRARY_DIR)/Frameworks";
				LD_RUNPATH_SEARCH_PATHS = "$(inherited) @executable_path/../Frameworks @loader_path/Frameworks";
				PRODUCT_BUNDLE_IDENTIFIER = com.tarantsov.ATPathSpec;
				PRODUCT_NAME = "$(TARGET_NAME)";
				SKIP_INSTALL = YES;
				SWIFT_VERSION = 2.3;
			};
			name = Release;
		};
		43D6A9561BB4407A00296B03 /* Debug */ = {
			isa = XCBuildConfiguration;
			buildSettings = {
				CLANG_ENABLE_MODULES = YES;
				COMBINE_HIDPI_IMAGES = YES;
				INFOPLIST_FILE = "Metadata/Info-Tests.plist";
				LD_RUNPATH_SEARCH_PATHS = "$(inherited) @executable_path/../Frameworks @loader_path/../Frameworks";
				PRODUCT_BUNDLE_IDENTIFIER = com.tarantsov.ATPathSpecTests;
				PRODUCT_NAME = "$(TARGET_NAME)";
				SWIFT_OPTIMIZATION_LEVEL = "-Onone";
			};
			name = Debug;
		};
		43D6A9571BB4407A00296B03 /* Release */ = {
			isa = XCBuildConfiguration;
			buildSettings = {
				CLANG_ENABLE_MODULES = YES;
				COMBINE_HIDPI_IMAGES = YES;
				INFOPLIST_FILE = "Metadata/Info-Tests.plist";
				LD_RUNPATH_SEARCH_PATHS = "$(inherited) @executable_path/../Frameworks @loader_path/../Frameworks";
				PRODUCT_BUNDLE_IDENTIFIER = com.tarantsov.ATPathSpecTests;
				PRODUCT_NAME = "$(TARGET_NAME)";
			};
			name = Release;
		};
/* End XCBuildConfiguration section */

/* Begin XCConfigurationList section */
		43D6A9381BB4407900296B03 /* Build configuration list for PBXProject "ATPathSpec" */ = {
			isa = XCConfigurationList;
			buildConfigurations = (
				43D6A9501BB4407A00296B03 /* Debug */,
				43D6A9511BB4407A00296B03 /* Release */,
			);
			defaultConfigurationIsVisible = 0;
			defaultConfigurationName = Release;
		};
		43D6A9521BB4407A00296B03 /* Build configuration list for PBXNativeTarget "ATPathSpec" */ = {
			isa = XCConfigurationList;
			buildConfigurations = (
				43D6A9531BB4407A00296B03 /* Debug */,
				43D6A9541BB4407A00296B03 /* Release */,
			);
			defaultConfigurationIsVisible = 0;
			defaultConfigurationName = Release;
		};
		43D6A9551BB4407A00296B03 /* Build configuration list for PBXNativeTarget "ATPathSpecTests" */ = {
			isa = XCConfigurationList;
			buildConfigurations = (
				43D6A9561BB4407A00296B03 /* Debug */,
				43D6A9571BB4407A00296B03 /* Release */,
			);
			defaultConfigurationIsVisible = 0;
			defaultConfigurationName = Release;
		};
/* End XCConfigurationList section */
	};
	rootObject = 43D6A9351BB4407900296B03 /* Project object */;
}
