// !$*UTF8*$!
{
	archiveVersion = 1;
	classes = {
	};
	objectVersion = 46;
	objects = {

/* Begin PBXBuildFile section */
		43059222151E8FA400CC3F88 /* CoreServices.framework in Frameworks */ = {isa = PBXBuildFile; fileRef = 43059221151E8FA400CC3F88 /* CoreServices.framework */; };
		430829E215476A30006D5B4A /* MainWindow.xib in Resources */ = {isa = PBXBuildFile; fileRef = 430829DF15476A30006D5B4A /* MainWindow.xib */; };
		430829E315476A30006D5B4A /* MainWindowController.m in Sources */ = {isa = PBXBuildFile; fileRef = 430829E115476A30006D5B4A /* MainWindowController.m */; };
		4308AE681556958600E05511 /* CompilationOptionsWindow.xib in Resources */ = {isa = PBXBuildFile; fileRef = 4308AE651556958600E05511 /* CompilationOptionsWindow.xib */; };
		4308AE691556958600E05511 /* CompilationOptionsWindowController.m in Sources */ = {isa = PBXBuildFile; fileRef = 4308AE671556958600E05511 /* CompilationOptionsWindowController.m */; };
		431D094215566DB900D094C4 /* PostprocOptionsWindow.xib in Resources */ = {isa = PBXBuildFile; fileRef = 431D093F15566DB900D094C4 /* PostprocOptionsWindow.xib */; };
		431D094315566DB900D094C4 /* PostprocOptionsWindowController.m in Sources */ = {isa = PBXBuildFile; fileRef = 431D094115566DB900D094C4 /* PostprocOptionsWindowController.m */; };
		432E73191553C3A400383E8C /* MonitoringSettingsWindow.xib in Resources */ = {isa = PBXBuildFile; fileRef = 432E73161553C3A400383E8C /* MonitoringSettingsWindow.xib */; };
		432E731A1553C3A400383E8C /* MonitoringSettingsWindowController.m in Sources */ = {isa = PBXBuildFile; fileRef = 432E73181553C3A400383E8C /* MonitoringSettingsWindowController.m */; };
		43361D4613C30D1400C0E589 /* libicucore.dylib in Frameworks */ = {isa = PBXBuildFile; fileRef = 43361D4513C30D1400C0E589 /* libicucore.dylib */; };
		4348E4CB154ADA0200BA8F26 /* PassThruImageView.m in Sources */ = {isa = PBXBuildFile; fileRef = 4348E4C8154ADA0200BA8F26 /* PassThruImageView.m */; };
		4348E4CC154ADA0200BA8F26 /* PassThruView.m in Sources */ = {isa = PBXBuildFile; fileRef = 4348E4CA154ADA0200BA8F26 /* PassThruView.m */; };
		4348E4D0154ADA1400BA8F26 /* ImageAndTextCell.m in Sources */ = {isa = PBXBuildFile; fileRef = 4348E4CF154ADA1400BA8F26 /* ImageAndTextCell.m */; };
		434E071515B0155C00B18FB9 /* dump.c in Sources */ = {isa = PBXBuildFile; fileRef = 434E069615B0155B00B18FB9 /* dump.c */; };
		434E071615B0155C00B18FB9 /* error.c in Sources */ = {isa = PBXBuildFile; fileRef = 434E069715B0155B00B18FB9 /* error.c */; };
		434E071715B0155C00B18FB9 /* hashtable.c in Sources */ = {isa = PBXBuildFile; fileRef = 434E069815B0155B00B18FB9 /* hashtable.c */; };
		434E071815B0155C00B18FB9 /* load.c in Sources */ = {isa = PBXBuildFile; fileRef = 434E069D15B0155B00B18FB9 /* load.c */; };
		434E071915B0155C00B18FB9 /* memory.c in Sources */ = {isa = PBXBuildFile; fileRef = 434E069E15B0155B00B18FB9 /* memory.c */; };
		434E071A15B0155C00B18FB9 /* pack_unpack.c in Sources */ = {isa = PBXBuildFile; fileRef = 434E069F15B0155B00B18FB9 /* pack_unpack.c */; };
		434E071B15B0155C00B18FB9 /* strbuffer.c in Sources */ = {isa = PBXBuildFile; fileRef = 434E06A015B0155B00B18FB9 /* strbuffer.c */; };
		434E071C15B0155C00B18FB9 /* strconv.c in Sources */ = {isa = PBXBuildFile; fileRef = 434E06A215B0155B00B18FB9 /* strconv.c */; };
		434E071D15B0155C00B18FB9 /* utf.c in Sources */ = {isa = PBXBuildFile; fileRef = 434E06A315B0155B00B18FB9 /* utf.c */; };
		434E071E15B0155C00B18FB9 /* value.c in Sources */ = {isa = PBXBuildFile; fileRef = 434E06A515B0155B00B18FB9 /* value.c */; };
		434E071F15B0155C00B18FB9 /* nodeapp.c in Sources */ = {isa = PBXBuildFile; fileRef = 434E06A715B0155B00B18FB9 /* nodeapp.c */; };
		434E072015B0155C00B18FB9 /* nodeapp_autorelease.c in Sources */ = {isa = PBXBuildFile; fileRef = 434E06A915B0155B00B18FB9 /* nodeapp_autorelease.c */; };
		434E072115B0155C00B18FB9 /* nodeapp_broker.c in Sources */ = {isa = PBXBuildFile; fileRef = 434E06AA15B0155B00B18FB9 /* nodeapp_broker.c */; };
		434E072215B0155C00B18FB9 /* nodeapp_paths_common.c in Sources */ = {isa = PBXBuildFile; fileRef = 434E06AC15B0155B00B18FB9 /* nodeapp_paths_common.c */; };
		434E072315B0155C00B18FB9 /* nodeapp_rpc_common.c in Sources */ = {isa = PBXBuildFile; fileRef = 434E06AE15B0155B00B18FB9 /* nodeapp_rpc_common.c */; };
		434E072415B0155C00B18FB9 /* nodeapp_rpc_protocol.c in Sources */ = {isa = PBXBuildFile; fileRef = 434E06AF15B0155B00B18FB9 /* nodeapp_rpc_protocol.c */; };
		434E072515B0155C00B18FB9 /* nodeapp_rpc_proxy.c.erb in Resources */ = {isa = PBXBuildFile; fileRef = 434E06B015B0155B00B18FB9 /* nodeapp_rpc_proxy.c.erb */; };
		434E072615B0155C00B18FB9 /* nodeapp_rpc_proxy.h.erb in Resources */ = {isa = PBXBuildFile; fileRef = 434E06B115B0155B00B18FB9 /* nodeapp_rpc_proxy.h.erb */; };
		434E072715B0155C00B18FB9 /* nodeapp_rpc_router.c.erb in Resources */ = {isa = PBXBuildFile; fileRef = 434E06B215B0155B00B18FB9 /* nodeapp_rpc_router.c.erb */; };
		434E072815B0155C00B18FB9 /* nodeapp_utils.c in Sources */ = {isa = PBXBuildFile; fileRef = 434E06B415B0155B00B18FB9 /* nodeapp_utils.c */; };
		434E072915B0155C00B18FB9 /* nodeapp_api_app.m in Sources */ = {isa = PBXBuildFile; fileRef = 434E06B615B0155B00B18FB9 /* nodeapp_api_app.m */; };
		434E072A15B0155C00B18FB9 /* nodeapp_api_preferences.m in Sources */ = {isa = PBXBuildFile; fileRef = 434E06B715B0155B00B18FB9 /* nodeapp_api_preferences.m */; };
		434E072B15B0155C00B18FB9 /* nodeapp_autorelease_osdep.m in Sources */ = {isa = PBXBuildFile; fileRef = 434E06B815B0155B00B18FB9 /* nodeapp_autorelease_osdep.m */; };
		434E072C15B0155C00B18FB9 /* nodeapp_broker_osdep.m in Sources */ = {isa = PBXBuildFile; fileRef = 434E06BA15B0155B00B18FB9 /* nodeapp_broker_osdep.m */; };
		434E072D15B0155C00B18FB9 /* nodeapp_callbacks.m in Sources */ = {isa = PBXBuildFile; fileRef = 434E06BB15B0155B00B18FB9 /* nodeapp_callbacks.m */; };
		434E072E15B0155C00B18FB9 /* nodeapp_crash.m in Sources */ = {isa = PBXBuildFile; fileRef = 434E06BC15B0155B00B18FB9 /* nodeapp_crash.m */; };
		434E072F15B0155C00B18FB9 /* nodeapp_logging.c in Sources */ = {isa = PBXBuildFile; fileRef = 434E06BD15B0155B00B18FB9 /* nodeapp_logging.c */; };
		434E073015B0155C00B18FB9 /* nodeapp_objc_json.m in Sources */ = {isa = PBXBuildFile; fileRef = 434E06BE15B0155B00B18FB9 /* nodeapp_objc_json.m */; };
		434E073115B0155C00B18FB9 /* nodeapp_paths_osdep.m in Sources */ = {isa = PBXBuildFile; fileRef = 434E06BF15B0155B00B18FB9 /* nodeapp_paths_osdep.m */; };
		434E073215B0155C00B18FB9 /* nodeapp_rpc_osdep.c in Sources */ = {isa = PBXBuildFile; fileRef = 434E06C015B0155B00B18FB9 /* nodeapp_rpc_osdep.c */; };
		434E073315B0155C00B18FB9 /* nodeapp_threading.c in Sources */ = {isa = PBXBuildFile; fileRef = 434E06C115B0155B00B18FB9 /* nodeapp_threading.c */; };
		434E073415B0155C00B18FB9 /* NodeAppDelegate.m in Sources */ = {isa = PBXBuildFile; fileRef = 434E06C315B0155B00B18FB9 /* NodeAppDelegate.m */; };
		434E073515B0155C00B18FB9 /* NodeAppWindowController.m in Sources */ = {isa = PBXBuildFile; fileRef = 434E06C515B0155B00B18FB9 /* NodeAppWindowController.m */; };
		434E073815B0155C00B18FB9 /* copy_task.rb in Resources */ = {isa = PBXBuildFile; fileRef = 434E06CA15B0155B00B18FB9 /* copy_task.rb */; };
		434E073915B0155C00B18FB9 /* plist.rb in Resources */ = {isa = PBXBuildFile; fileRef = 434E06CB15B0155B00B18FB9 /* plist.rb */; };
		434E073A15B0155C00B18FB9 /* routing_tasks.rb in Resources */ = {isa = PBXBuildFile; fileRef = 434E06CC15B0155B00B18FB9 /* routing_tasks.rb */; };
		434E073B15B0155C00B18FB9 /* version_tasks.rb in Resources */ = {isa = PBXBuildFile; fileRef = 434E06CD15B0155B00B18FB9 /* version_tasks.rb */; };
		434E074315B0155C00B18FB9 /* fsdiff.c in Sources */ = {isa = PBXBuildFile; fileRef = 434E06DD15B0155B00B18FB9 /* fsdiff.c */; };
		434E074415B0155C00B18FB9 /* fslistener_osx.c in Sources */ = {isa = PBXBuildFile; fileRef = 434E06DE15B0155B00B18FB9 /* fslistener_osx.c */; };
		434E074615B0155C00B18FB9 /* fsmonitor.c in Sources */ = {isa = PBXBuildFile; fileRef = 434E06E015B0155B00B18FB9 /* fsmonitor.c */; };
		434E074715B0155C00B18FB9 /* fstree.c in Sources */ = {isa = PBXBuildFile; fileRef = 434E06E115B0155B00B18FB9 /* fstree.c */; };
		434E074815B0155C00B18FB9 /* fstree_create_posix.c in Sources */ = {isa = PBXBuildFile; fileRef = 434E06E215B0155B00B18FB9 /* fstree_create_posix.c */; };
		434E074A15B0155C00B18FB9 /* fstree_diff.c in Sources */ = {isa = PBXBuildFile; fileRef = 434E06E415B0155B00B18FB9 /* fstree_diff.c */; };
		434E074B15B0155C00B18FB9 /* monitoring.c in Sources */ = {isa = PBXBuildFile; fileRef = 434E06E615B0155B00B18FB9 /* monitoring.c */; };
		434E074C15B0155C00B18FB9 /* nodeapp_licensing.m in Sources */ = {isa = PBXBuildFile; fileRef = 434E06EB15B0155B00B18FB9 /* nodeapp_licensing.m */; };
		434E074E15B0155C00B18FB9 /* nodeapp_ui_element.cc in Sources */ = {isa = PBXBuildFile; fileRef = 434E06F015B0155B00B18FB9 /* nodeapp_ui_element.cc */; };
		434E074F15B0155C00B18FB9 /* nodeapp_ui_element_osdep.mm in Sources */ = {isa = PBXBuildFile; fileRef = 434E06F315B0155B00B18FB9 /* nodeapp_ui_element_osdep.mm */; };
		434E075015B0155C00B18FB9 /* nodeapp_ui_element_osdep_application.mm in Sources */ = {isa = PBXBuildFile; fileRef = 434E06F515B0155B00B18FB9 /* nodeapp_ui_element_osdep_application.mm */; };
		434E075115B0155C00B18FB9 /* nodeapp_ui_element_osdep_button.mm in Sources */ = {isa = PBXBuildFile; fileRef = 434E06F715B0155B00B18FB9 /* nodeapp_ui_element_osdep_button.mm */; };
		434E075215B0155C00B18FB9 /* nodeapp_ui_element_osdep_control.mm in Sources */ = {isa = PBXBuildFile; fileRef = 434E06F915B0155B00B18FB9 /* nodeapp_ui_element_osdep_control.mm */; };
		434E075315B0155C00B18FB9 /* nodeapp_ui_element_osdep_generic.mm in Sources */ = {isa = PBXBuildFile; fileRef = 434E06FB15B0155B00B18FB9 /* nodeapp_ui_element_osdep_generic.mm */; };
		434E075415B0155C00B18FB9 /* nodeapp_ui_element_osdep_outline.mm in Sources */ = {isa = PBXBuildFile; fileRef = 434E06FD15B0155B00B18FB9 /* nodeapp_ui_element_osdep_outline.mm */; };
		434E075515B0155C00B18FB9 /* nodeapp_ui_element_osdep_table.mm in Sources */ = {isa = PBXBuildFile; fileRef = 434E06FF15B0155B00B18FB9 /* nodeapp_ui_element_osdep_table.mm */; };
		434E075615B0155C00B18FB9 /* nodeapp_ui_element_osdep_table_base.mm in Sources */ = {isa = PBXBuildFile; fileRef = 434E070115B0155B00B18FB9 /* nodeapp_ui_element_osdep_table_base.mm */; };
		434E075715B0155C00B18FB9 /* nodeapp_ui_element_osdep_textfield.mm in Sources */ = {isa = PBXBuildFile; fileRef = 434E070315B0155B00B18FB9 /* nodeapp_ui_element_osdep_textfield.mm */; };
		434E075815B0155C00B18FB9 /* nodeapp_ui_element_osdep_utils.mm in Sources */ = {isa = PBXBuildFile; fileRef = 434E070515B0155B00B18FB9 /* nodeapp_ui_element_osdep_utils.mm */; };
		434E075915B0155C00B18FB9 /* nodeapp_ui_element_osdep_view.mm in Sources */ = {isa = PBXBuildFile; fileRef = 434E070715B0155B00B18FB9 /* nodeapp_ui_element_osdep_view.mm */; };
		434E075A15B0155C00B18FB9 /* nodeapp_ui_element_osdep_window.mm in Sources */ = {isa = PBXBuildFile; fileRef = 434E070915B0155B00B18FB9 /* nodeapp_ui_element_osdep_window.mm */; };
		434E075B15B0155C00B18FB9 /* nodeapp_ui_image.m in Sources */ = {isa = PBXBuildFile; fileRef = 434E070A15B0155B00B18FB9 /* nodeapp_ui_image.m */; };
		434E075C15B0155C00B18FB9 /* NodeAppWindow.m in Sources */ = {isa = PBXBuildFile; fileRef = 434E070D15B0155B00B18FB9 /* NodeAppWindow.m */; };
		434E075D15B0155C00B18FB9 /* nodeapp_url_handler_mac.m in Sources */ = {isa = PBXBuildFile; fileRef = 434E071315B0155B00B18FB9 /* nodeapp_url_handler_mac.m */; };
		43594AF413D3BB34004175B2 /* QuartzCore.framework in Frameworks */ = {isa = PBXBuildFile; fileRef = 43594AF313D3BB34004175B2 /* QuartzCore.framework */; };
		438A2311154AE2420070E9F2 /* AppDelegate.m in Sources */ = {isa = PBXBuildFile; fileRef = 438A2310154AE2420070E9F2 /* AppDelegate.m */; };
		43E22FA315444A2E00BCD9C9 /* AddTemplate.png in Resources */ = {isa = PBXBuildFile; fileRef = 43E22F7915444A2E00BCD9C9 /* AddTemplate.png */; };
		43E22FA415444A2E00BCD9C9 /* background.png in Resources */ = {isa = PBXBuildFile; fileRef = 43E22F7A15444A2E00BCD9C9 /* background.png */; };
		43E22FA515444A2E00BCD9C9 /* FolderIcon64.png in Resources */ = {isa = PBXBuildFile; fileRef = 43E22F7B15444A2E00BCD9C9 /* FolderIcon64.png */; };
		43E22FA615444A2E00BCD9C9 /* Icon-48.png in Resources */ = {isa = PBXBuildFile; fileRef = 43E22F7C15444A2E00BCD9C9 /* Icon-48.png */; };
		43E22FA715444A2E00BCD9C9 /* LRHelpTemplate.png in Resources */ = {isa = PBXBuildFile; fileRef = 43E22F7D15444A2E00BCD9C9 /* LRHelpTemplate.png */; };
		43E22FA815444A2E00BCD9C9 /* LRSupportTemplate.png in Resources */ = {isa = PBXBuildFile; fileRef = 43E22F7E15444A2E00BCD9C9 /* LRSupportTemplate.png */; };
		43E22FA915444A2E00BCD9C9 /* LRTerminalButtonOff.png in Resources */ = {isa = PBXBuildFile; fileRef = 43E22F7F15444A2E00BCD9C9 /* LRTerminalButtonOff.png */; };
		43E22FAA15444A2E00BCD9C9 /* LRTerminalButtonOffHighlight.png in Resources */ = {isa = PBXBuildFile; fileRef = 43E22F8015444A2E00BCD9C9 /* LRTerminalButtonOffHighlight.png */; };
		43E22FAB15444A2E00BCD9C9 /* LRTerminalButtonOn.png in Resources */ = {isa = PBXBuildFile; fileRef = 43E22F8115444A2E00BCD9C9 /* LRTerminalButtonOn.png */; };
		43E22FAC15444A2E00BCD9C9 /* LRTerminalButtonOnHighlight.png in Resources */ = {isa = PBXBuildFile; fileRef = 43E22F8215444A2E00BCD9C9 /* LRTerminalButtonOnHighlight.png */; };
		43E22FAD15444A2E00BCD9C9 /* PlaceholderTemplate.png in Resources */ = {isa = PBXBuildFile; fileRef = 43E22F8315444A2E00BCD9C9 /* PlaceholderTemplate.png */; };
		43E22FAE15444A2E00BCD9C9 /* preferences-box.png in Resources */ = {isa = PBXBuildFile; fileRef = 43E22F8415444A2E00BCD9C9 /* preferences-box.png */; };
		43E22FAF15444A2E00BCD9C9 /* ProjectPaneBackground.png in Resources */ = {isa = PBXBuildFile; fileRef = 43E22F8515444A2E00BCD9C9 /* ProjectPaneBackground.png */; };
		43E22FB015444A2E00BCD9C9 /* RemoveTemplate.png in Resources */ = {isa = PBXBuildFile; fileRef = 43E22F8615444A2E00BCD9C9 /* RemoveTemplate.png */; };
		43E22FB115444A2E00BCD9C9 /* settings.png in Resources */ = {isa = PBXBuildFile; fileRef = 43E22F8715444A2E00BCD9C9 /* settings.png */; };
		43E22FB215444A2E00BCD9C9 /* StatusItemActive.png in Resources */ = {isa = PBXBuildFile; fileRef = 43E22F8915444A2E00BCD9C9 /* StatusItemActive.png */; };
		43E22FB315444A2E00BCD9C9 /* StatusItemDropTarget.png in Resources */ = {isa = PBXBuildFile; fileRef = 43E22F8A15444A2E00BCD9C9 /* StatusItemDropTarget.png */; };
		43E22FB415444A2E00BCD9C9 /* StatusItemHighlighted.png in Resources */ = {isa = PBXBuildFile; fileRef = 43E22F8B15444A2E00BCD9C9 /* StatusItemHighlighted.png */; };
		43E22FB515444A2E00BCD9C9 /* StatusItemInactive.png in Resources */ = {isa = PBXBuildFile; fileRef = 43E22F8C15444A2E00BCD9C9 /* StatusItemInactive.png */; };
		43E22FB615444A2E00BCD9C9 /* StatusItemStateRotation1.png in Resources */ = {isa = PBXBuildFile; fileRef = 43E22F8D15444A2E00BCD9C9 /* StatusItemStateRotation1.png */; };
		43E22FB715444A2E00BCD9C9 /* StatusItemStateRotation2.png in Resources */ = {isa = PBXBuildFile; fileRef = 43E22F8E15444A2E00BCD9C9 /* StatusItemStateRotation2.png */; };
		43E22FB815444A2E00BCD9C9 /* StatusItemStateRotation3.png in Resources */ = {isa = PBXBuildFile; fileRef = 43E22F8F15444A2E00BCD9C9 /* StatusItemStateRotation3.png */; };
		43E22FB915444A2E00BCD9C9 /* TerminalBackground.png in Resources */ = {isa = PBXBuildFile; fileRef = 43E22F9015444A2E00BCD9C9 /* TerminalBackground.png */; };
		43E22FBA15444A2E00BCD9C9 /* TerminalBackgroundSquare.png in Resources */ = {isa = PBXBuildFile; fileRef = 43E22F9115444A2E00BCD9C9 /* TerminalBackgroundSquare.png */; };
		43E22FBB15444A2E00BCD9C9 /* TerminalGlare.png in Resources */ = {isa = PBXBuildFile; fileRef = 43E22F9215444A2E00BCD9C9 /* TerminalGlare.png */; };
		43E22FBC15444A2E00BCD9C9 /* TerminalStripes.png in Resources */ = {isa = PBXBuildFile; fileRef = 43E22F9315444A2E00BCD9C9 /* TerminalStripes.png */; };
		43E22FBD15444A2E00BCD9C9 /* TitleBarHelpTemplate.png in Resources */ = {isa = PBXBuildFile; fileRef = 43E22F9415444A2E00BCD9C9 /* TitleBarHelpTemplate.png */; };
		43E22FBE15444A2E00BCD9C9 /* WelcomePaneBackground.png in Resources */ = {isa = PBXBuildFile; fileRef = 43E22F9515444A2E00BCD9C9 /* WelcomePaneBackground.png */; };
		43E22FC015444A2E00BCD9C9 /* App.icns in Resources */ = {isa = PBXBuildFile; fileRef = 43E22F9715444A2E00BCD9C9 /* App.icns */; };
		43E22FC115444A2E00BCD9C9 /* main.m in Sources */ = {isa = PBXBuildFile; fileRef = 43E22F9E15444A2E00BCD9C9 /* main.m */; };
		43E22FC915444AD700BCD9C9 /* InfoPlist.strings in Resources */ = {isa = PBXBuildFile; fileRef = 43E22FC715444AD700BCD9C9 /* InfoPlist.strings */; };
		43E22FCA15444AD700BCD9C9 /* MainMenu.xib in Resources */ = {isa = PBXBuildFile; fileRef = 43E22FC815444AD700BCD9C9 /* MainMenu.xib */; };
		43E230551544706600BCD9C9 /* nodeapp_rpc_proxy.c in Sources */ = {isa = PBXBuildFile; fileRef = 43E230521544706600BCD9C9 /* nodeapp_rpc_proxy.c */; };
		43E230561544706600BCD9C9 /* nodeapp_rpc_router.c in Sources */ = {isa = PBXBuildFile; fileRef = 43E230541544706600BCD9C9 /* nodeapp_rpc_router.c */; };
		43E2306315449DA600BCD9C9 /* node in Resources */ = {isa = PBXBuildFile; fileRef = 43E2306215449DA600BCD9C9 /* node */; };
		8D11072F0486CEB800E47090 /* Cocoa.framework in Frameworks */ = {isa = PBXBuildFile; fileRef = 1058C7A1FEA54F0111CA2CBB /* Cocoa.framework */; };
/* End PBXBuildFile section */

/* Begin PBXFileReference section */
		1058C7A1FEA54F0111CA2CBB /* Cocoa.framework */ = {isa = PBXFileReference; lastKnownFileType = wrapper.framework; name = Cocoa.framework; path = /System/Library/Frameworks/Cocoa.framework; sourceTree = "<absolute>"; };
		13E42FB307B3F0F600E4EEF1 /* CoreData.framework */ = {isa = PBXFileReference; lastKnownFileType = wrapper.framework; name = CoreData.framework; path = /System/Library/Frameworks/CoreData.framework; sourceTree = "<absolute>"; };
		29B97324FDCFA39411CA2CEA /* AppKit.framework */ = {isa = PBXFileReference; lastKnownFileType = wrapper.framework; name = AppKit.framework; path = /System/Library/Frameworks/AppKit.framework; sourceTree = "<absolute>"; };
		29B97325FDCFA39411CA2CEA /* Foundation.framework */ = {isa = PBXFileReference; lastKnownFileType = wrapper.framework; name = Foundation.framework; path = /System/Library/Frameworks/Foundation.framework; sourceTree = "<absolute>"; };
		43059221151E8FA400CC3F88 /* CoreServices.framework */ = {isa = PBXFileReference; lastKnownFileType = wrapper.framework; name = CoreServices.framework; path = System/Library/Frameworks/CoreServices.framework; sourceTree = SDKROOT; };
		430829DF15476A30006D5B4A /* MainWindow.xib */ = {isa = PBXFileReference; fileEncoding = 4; lastKnownFileType = file.xib; path = MainWindow.xib; sourceTree = "<group>"; };
		430829E015476A30006D5B4A /* MainWindowController.h */ = {isa = PBXFileReference; fileEncoding = 4; lastKnownFileType = sourcecode.c.h; path = MainWindowController.h; sourceTree = "<group>"; };
		430829E115476A30006D5B4A /* MainWindowController.m */ = {isa = PBXFileReference; fileEncoding = 4; lastKnownFileType = sourcecode.c.objc; path = MainWindowController.m; sourceTree = "<group>"; };
		4308AE651556958600E05511 /* CompilationOptionsWindow.xib */ = {isa = PBXFileReference; fileEncoding = 4; lastKnownFileType = file.xib; path = CompilationOptionsWindow.xib; sourceTree = "<group>"; };
		4308AE661556958600E05511 /* CompilationOptionsWindowController.h */ = {isa = PBXFileReference; fileEncoding = 4; lastKnownFileType = sourcecode.c.h; path = CompilationOptionsWindowController.h; sourceTree = "<group>"; };
		4308AE671556958600E05511 /* CompilationOptionsWindowController.m */ = {isa = PBXFileReference; fileEncoding = 4; lastKnownFileType = sourcecode.c.objc; path = CompilationOptionsWindowController.m; sourceTree = "<group>"; };
		431D093F15566DB900D094C4 /* PostprocOptionsWindow.xib */ = {isa = PBXFileReference; fileEncoding = 4; lastKnownFileType = file.xib; path = PostprocOptionsWindow.xib; sourceTree = "<group>"; };
		431D094015566DB900D094C4 /* PostprocOptionsWindowController.h */ = {isa = PBXFileReference; fileEncoding = 4; lastKnownFileType = sourcecode.c.h; path = PostprocOptionsWindowController.h; sourceTree = "<group>"; };
		431D094115566DB900D094C4 /* PostprocOptionsWindowController.m */ = {isa = PBXFileReference; fileEncoding = 4; lastKnownFileType = sourcecode.c.objc; path = PostprocOptionsWindowController.m; sourceTree = "<group>"; };
		432E73161553C3A400383E8C /* MonitoringSettingsWindow.xib */ = {isa = PBXFileReference; fileEncoding = 4; lastKnownFileType = file.xib; path = MonitoringSettingsWindow.xib; sourceTree = "<group>"; };
		432E73171553C3A400383E8C /* MonitoringSettingsWindowController.h */ = {isa = PBXFileReference; fileEncoding = 4; lastKnownFileType = sourcecode.c.h; path = MonitoringSettingsWindowController.h; sourceTree = "<group>"; };
		432E73181553C3A400383E8C /* MonitoringSettingsWindowController.m */ = {isa = PBXFileReference; fileEncoding = 4; lastKnownFileType = sourcecode.c.objc; path = MonitoringSettingsWindowController.m; sourceTree = "<group>"; };
		43361D4513C30D1400C0E589 /* libicucore.dylib */ = {isa = PBXFileReference; lastKnownFileType = "compiled.mach-o.dylib"; name = libicucore.dylib; path = usr/lib/libicucore.dylib; sourceTree = SDKROOT; };
		4348E4C7154ADA0200BA8F26 /* PassThruImageView.h */ = {isa = PBXFileReference; fileEncoding = 4; lastKnownFileType = sourcecode.c.h; path = PassThruImageView.h; sourceTree = "<group>"; };
		4348E4C8154ADA0200BA8F26 /* PassThruImageView.m */ = {isa = PBXFileReference; fileEncoding = 4; lastKnownFileType = sourcecode.c.objc; path = PassThruImageView.m; sourceTree = "<group>"; };
		4348E4C9154ADA0200BA8F26 /* PassThruView.h */ = {isa = PBXFileReference; fileEncoding = 4; lastKnownFileType = sourcecode.c.h; path = PassThruView.h; sourceTree = "<group>"; };
		4348E4CA154ADA0200BA8F26 /* PassThruView.m */ = {isa = PBXFileReference; fileEncoding = 4; lastKnownFileType = sourcecode.c.objc; path = PassThruView.m; sourceTree = "<group>"; };
		4348E4CE154ADA1400BA8F26 /* ImageAndTextCell.h */ = {isa = PBXFileReference; fileEncoding = 4; lastKnownFileType = sourcecode.c.h; path = ImageAndTextCell.h; sourceTree = "<group>"; };
		4348E4CF154ADA1400BA8F26 /* ImageAndTextCell.m */ = {isa = PBXFileReference; fileEncoding = 4; lastKnownFileType = sourcecode.c.objc; path = ImageAndTextCell.m; sourceTree = "<group>"; };
		434E069615B0155B00B18FB9 /* dump.c */ = {isa = PBXFileReference; fileEncoding = 4; lastKnownFileType = sourcecode.c.c; path = dump.c; sourceTree = "<group>"; };
		434E069715B0155B00B18FB9 /* error.c */ = {isa = PBXFileReference; fileEncoding = 4; lastKnownFileType = sourcecode.c.c; path = error.c; sourceTree = "<group>"; };
		434E069815B0155B00B18FB9 /* hashtable.c */ = {isa = PBXFileReference; fileEncoding = 4; lastKnownFileType = sourcecode.c.c; path = hashtable.c; sourceTree = "<group>"; };
		434E069915B0155B00B18FB9 /* hashtable.h */ = {isa = PBXFileReference; fileEncoding = 4; lastKnownFileType = sourcecode.c.h; path = hashtable.h; sourceTree = "<group>"; };
		434E069A15B0155B00B18FB9 /* jansson.h */ = {isa = PBXFileReference; fileEncoding = 4; lastKnownFileType = sourcecode.c.h; path = jansson.h; sourceTree = "<group>"; };
		434E069B15B0155B00B18FB9 /* jansson_config.h */ = {isa = PBXFileReference; fileEncoding = 4; lastKnownFileType = sourcecode.c.h; path = jansson_config.h; sourceTree = "<group>"; };
		434E069C15B0155B00B18FB9 /* jansson_private.h */ = {isa = PBXFileReference; fileEncoding = 4; lastKnownFileType = sourcecode.c.h; path = jansson_private.h; sourceTree = "<group>"; };
		434E069D15B0155B00B18FB9 /* load.c */ = {isa = PBXFileReference; fileEncoding = 4; lastKnownFileType = sourcecode.c.c; path = load.c; sourceTree = "<group>"; };
		434E069E15B0155B00B18FB9 /* memory.c */ = {isa = PBXFileReference; fileEncoding = 4; lastKnownFileType = sourcecode.c.c; path = memory.c; sourceTree = "<group>"; };
		434E069F15B0155B00B18FB9 /* pack_unpack.c */ = {isa = PBXFileReference; fileEncoding = 4; lastKnownFileType = sourcecode.c.c; path = pack_unpack.c; sourceTree = "<group>"; };
		434E06A015B0155B00B18FB9 /* strbuffer.c */ = {isa = PBXFileReference; fileEncoding = 4; lastKnownFileType = sourcecode.c.c; path = strbuffer.c; sourceTree = "<group>"; };
		434E06A115B0155B00B18FB9 /* strbuffer.h */ = {isa = PBXFileReference; fileEncoding = 4; lastKnownFileType = sourcecode.c.h; path = strbuffer.h; sourceTree = "<group>"; };
		434E06A215B0155B00B18FB9 /* strconv.c */ = {isa = PBXFileReference; fileEncoding = 4; lastKnownFileType = sourcecode.c.c; path = strconv.c; sourceTree = "<group>"; };
		434E06A315B0155B00B18FB9 /* utf.c */ = {isa = PBXFileReference; fileEncoding = 4; lastKnownFileType = sourcecode.c.c; path = utf.c; sourceTree = "<group>"; };
		434E06A415B0155B00B18FB9 /* utf.h */ = {isa = PBXFileReference; fileEncoding = 4; lastKnownFileType = sourcecode.c.h; path = utf.h; sourceTree = "<group>"; };
		434E06A515B0155B00B18FB9 /* value.c */ = {isa = PBXFileReference; fileEncoding = 4; lastKnownFileType = sourcecode.c.c; path = value.c; sourceTree = "<group>"; };
		434E06A715B0155B00B18FB9 /* nodeapp.c */ = {isa = PBXFileReference; fileEncoding = 4; lastKnownFileType = sourcecode.c.c; path = nodeapp.c; sourceTree = "<group>"; };
		434E06A815B0155B00B18FB9 /* nodeapp.h */ = {isa = PBXFileReference; fileEncoding = 4; lastKnownFileType = sourcecode.c.h; path = nodeapp.h; sourceTree = "<group>"; };
		434E06A915B0155B00B18FB9 /* nodeapp_autorelease.c */ = {isa = PBXFileReference; fileEncoding = 4; lastKnownFileType = sourcecode.c.c; path = nodeapp_autorelease.c; sourceTree = "<group>"; };
		434E06AA15B0155B00B18FB9 /* nodeapp_broker.c */ = {isa = PBXFileReference; fileEncoding = 4; lastKnownFileType = sourcecode.c.c; path = nodeapp_broker.c; sourceTree = "<group>"; };
		434E06AB15B0155B00B18FB9 /* nodeapp_broker.h */ = {isa = PBXFileReference; fileEncoding = 4; lastKnownFileType = sourcecode.c.h; path = nodeapp_broker.h; sourceTree = "<group>"; };
		434E06AC15B0155B00B18FB9 /* nodeapp_paths_common.c */ = {isa = PBXFileReference; fileEncoding = 4; lastKnownFileType = sourcecode.c.c; path = nodeapp_paths_common.c; sourceTree = "<group>"; };
		434E06AD15B0155B00B18FB9 /* nodeapp_private.h */ = {isa = PBXFileReference; fileEncoding = 4; lastKnownFileType = sourcecode.c.h; path = nodeapp_private.h; sourceTree = "<group>"; };
		434E06AE15B0155B00B18FB9 /* nodeapp_rpc_common.c */ = {isa = PBXFileReference; fileEncoding = 4; lastKnownFileType = sourcecode.c.c; path = nodeapp_rpc_common.c; sourceTree = "<group>"; };
		434E06AF15B0155B00B18FB9 /* nodeapp_rpc_protocol.c */ = {isa = PBXFileReference; fileEncoding = 4; lastKnownFileType = sourcecode.c.c; path = nodeapp_rpc_protocol.c; sourceTree = "<group>"; };
		434E06B015B0155B00B18FB9 /* nodeapp_rpc_proxy.c.erb */ = {isa = PBXFileReference; fileEncoding = 4; lastKnownFileType = text; path = nodeapp_rpc_proxy.c.erb; sourceTree = "<group>"; };
		434E06B115B0155B00B18FB9 /* nodeapp_rpc_proxy.h.erb */ = {isa = PBXFileReference; fileEncoding = 4; lastKnownFileType = text; path = nodeapp_rpc_proxy.h.erb; sourceTree = "<group>"; };
		434E06B215B0155B00B18FB9 /* nodeapp_rpc_router.c.erb */ = {isa = PBXFileReference; fileEncoding = 4; lastKnownFileType = text; path = nodeapp_rpc_router.c.erb; sourceTree = "<group>"; };
		434E06B315B0155B00B18FB9 /* nodeapp_rpc_router.h */ = {isa = PBXFileReference; fileEncoding = 4; lastKnownFileType = sourcecode.c.h; path = nodeapp_rpc_router.h; sourceTree = "<group>"; };
		434E06B415B0155B00B18FB9 /* nodeapp_utils.c */ = {isa = PBXFileReference; fileEncoding = 4; lastKnownFileType = sourcecode.c.c; path = nodeapp_utils.c; sourceTree = "<group>"; };
		434E06B615B0155B00B18FB9 /* nodeapp_api_app.m */ = {isa = PBXFileReference; fileEncoding = 4; lastKnownFileType = sourcecode.c.objc; path = nodeapp_api_app.m; sourceTree = "<group>"; };
		434E06B715B0155B00B18FB9 /* nodeapp_api_preferences.m */ = {isa = PBXFileReference; fileEncoding = 4; lastKnownFileType = sourcecode.c.objc; path = nodeapp_api_preferences.m; sourceTree = "<group>"; };
		434E06B815B0155B00B18FB9 /* nodeapp_autorelease_osdep.m */ = {isa = PBXFileReference; fileEncoding = 4; lastKnownFileType = sourcecode.c.objc; path = nodeapp_autorelease_osdep.m; sourceTree = "<group>"; };
		434E06B915B0155B00B18FB9 /* nodeapp_broker_osdep.h */ = {isa = PBXFileReference; fileEncoding = 4; lastKnownFileType = sourcecode.c.h; path = nodeapp_broker_osdep.h; sourceTree = "<group>"; };
		434E06BA15B0155B00B18FB9 /* nodeapp_broker_osdep.m */ = {isa = PBXFileReference; fileEncoding = 4; lastKnownFileType = sourcecode.c.objc; path = nodeapp_broker_osdep.m; sourceTree = "<group>"; };
		434E06BB15B0155B00B18FB9 /* nodeapp_callbacks.m */ = {isa = PBXFileReference; fileEncoding = 4; lastKnownFileType = sourcecode.c.objc; path = nodeapp_callbacks.m; sourceTree = "<group>"; };
		434E06BC15B0155B00B18FB9 /* nodeapp_crash.m */ = {isa = PBXFileReference; fileEncoding = 4; lastKnownFileType = sourcecode.c.objc; path = nodeapp_crash.m; sourceTree = "<group>"; };
		434E06BD15B0155B00B18FB9 /* nodeapp_logging.c */ = {isa = PBXFileReference; fileEncoding = 4; lastKnownFileType = sourcecode.c.c; path = nodeapp_logging.c; sourceTree = "<group>"; };
		434E06BE15B0155B00B18FB9 /* nodeapp_objc_json.m */ = {isa = PBXFileReference; fileEncoding = 4; lastKnownFileType = sourcecode.c.objc; path = nodeapp_objc_json.m; sourceTree = "<group>"; };
		434E06BF15B0155B00B18FB9 /* nodeapp_paths_osdep.m */ = {isa = PBXFileReference; fileEncoding = 4; lastKnownFileType = sourcecode.c.objc; path = nodeapp_paths_osdep.m; sourceTree = "<group>"; };
		434E06C015B0155B00B18FB9 /* nodeapp_rpc_osdep.c */ = {isa = PBXFileReference; fileEncoding = 4; lastKnownFileType = sourcecode.c.c; path = nodeapp_rpc_osdep.c; sourceTree = "<group>"; };
		434E06C115B0155B00B18FB9 /* nodeapp_threading.c */ = {isa = PBXFileReference; fileEncoding = 4; lastKnownFileType = sourcecode.c.c; path = nodeapp_threading.c; sourceTree = "<group>"; };
		434E06C215B0155B00B18FB9 /* NodeAppDelegate.h */ = {isa = PBXFileReference; fileEncoding = 4; lastKnownFileType = sourcecode.c.h; path = NodeAppDelegate.h; sourceTree = "<group>"; };
		434E06C315B0155B00B18FB9 /* NodeAppDelegate.m */ = {isa = PBXFileReference; fileEncoding = 4; lastKnownFileType = sourcecode.c.objc; path = NodeAppDelegate.m; sourceTree = "<group>"; };
		434E06C415B0155B00B18FB9 /* NodeAppWindowController.h */ = {isa = PBXFileReference; fileEncoding = 4; lastKnownFileType = sourcecode.c.h; path = NodeAppWindowController.h; sourceTree = "<group>"; };
		434E06C515B0155B00B18FB9 /* NodeAppWindowController.m */ = {isa = PBXFileReference; fileEncoding = 4; lastKnownFileType = sourcecode.c.objc; path = NodeAppWindowController.m; sourceTree = "<group>"; };
		434E06CA15B0155B00B18FB9 /* copy_task.rb */ = {isa = PBXFileReference; fileEncoding = 4; lastKnownFileType = text.script.ruby; path = copy_task.rb; sourceTree = "<group>"; };
		434E06CB15B0155B00B18FB9 /* plist.rb */ = {isa = PBXFileReference; fileEncoding = 4; lastKnownFileType = text.script.ruby; path = plist.rb; sourceTree = "<group>"; };
		434E06CC15B0155B00B18FB9 /* routing_tasks.rb */ = {isa = PBXFileReference; fileEncoding = 4; lastKnownFileType = text.script.ruby; path = routing_tasks.rb; sourceTree = "<group>"; };
		434E06CD15B0155B00B18FB9 /* version_tasks.rb */ = {isa = PBXFileReference; fileEncoding = 4; lastKnownFileType = text.script.ruby; path = version_tasks.rb; sourceTree = "<group>"; };
		434E06D815B0155B00B18FB9 /* fsmonitor.h */ = {isa = PBXFileReference; fileEncoding = 4; lastKnownFileType = sourcecode.c.h; path = fsmonitor.h; sourceTree = "<group>"; };
		434E06D915B0155B00B18FB9 /* fsmonitor_private.h */ = {isa = PBXFileReference; fileEncoding = 4; lastKnownFileType = sourcecode.c.h; path = fsmonitor_private.h; sourceTree = "<group>"; };
		434E06DD15B0155B00B18FB9 /* fsdiff.c */ = {isa = PBXFileReference; fileEncoding = 4; lastKnownFileType = sourcecode.c.c; path = fsdiff.c; sourceTree = "<group>"; };
		434E06DE15B0155B00B18FB9 /* fslistener_osx.c */ = {isa = PBXFileReference; fileEncoding = 4; lastKnownFileType = sourcecode.c.c; path = fslistener_osx.c; sourceTree = "<group>"; };
		434E06E015B0155B00B18FB9 /* fsmonitor.c */ = {isa = PBXFileReference; fileEncoding = 4; lastKnownFileType = sourcecode.c.c; path = fsmonitor.c; sourceTree = "<group>"; };
		434E06E115B0155B00B18FB9 /* fstree.c */ = {isa = PBXFileReference; fileEncoding = 4; lastKnownFileType = sourcecode.c.c; path = fstree.c; sourceTree = "<group>"; };
		434E06E215B0155B00B18FB9 /* fstree_create_posix.c */ = {isa = PBXFileReference; fileEncoding = 4; lastKnownFileType = sourcecode.c.c; path = fstree_create_posix.c; sourceTree = "<group>"; };
		434E06E415B0155B00B18FB9 /* fstree_diff.c */ = {isa = PBXFileReference; fileEncoding = 4; lastKnownFileType = sourcecode.c.c; path = fstree_diff.c; sourceTree = "<group>"; };
		434E06E615B0155B00B18FB9 /* monitoring.c */ = {isa = PBXFileReference; fileEncoding = 4; lastKnownFileType = sourcecode.c.c; path = monitoring.c; sourceTree = "<group>"; };
		434E06E915B0155B00B18FB9 /* nodeapp_licensing.h */ = {isa = PBXFileReference; fileEncoding = 4; lastKnownFileType = sourcecode.c.h; path = nodeapp_licensing.h; sourceTree = "<group>"; };
		434E06EB15B0155B00B18FB9 /* nodeapp_licensing.m */ = {isa = PBXFileReference; fileEncoding = 4; lastKnownFileType = sourcecode.c.objc; path = nodeapp_licensing.m; sourceTree = "<group>"; };
		434E06EF15B0155B00B18FB9 /* nodeapp_ui.h */ = {isa = PBXFileReference; fileEncoding = 4; lastKnownFileType = sourcecode.c.h; path = nodeapp_ui.h; sourceTree = "<group>"; };
		434E06F015B0155B00B18FB9 /* nodeapp_ui_element.cc */ = {isa = PBXFileReference; fileEncoding = 4; lastKnownFileType = sourcecode.cpp.cpp; path = nodeapp_ui_element.cc; sourceTree = "<group>"; };
		434E06F115B0155B00B18FB9 /* nodeapp_ui_element.hh */ = {isa = PBXFileReference; fileEncoding = 4; lastKnownFileType = sourcecode.cpp.h; path = nodeapp_ui_element.hh; sourceTree = "<group>"; };
		434E06F315B0155B00B18FB9 /* nodeapp_ui_element_osdep.mm */ = {isa = PBXFileReference; fileEncoding = 4; lastKnownFileType = sourcecode.cpp.objcpp; path = nodeapp_ui_element_osdep.mm; sourceTree = "<group>"; };
		434E06F415B0155B00B18FB9 /* nodeapp_ui_element_osdep_application.hh */ = {isa = PBXFileReference; fileEncoding = 4; lastKnownFileType = sourcecode.cpp.h; path = nodeapp_ui_element_osdep_application.hh; sourceTree = "<group>"; };
		434E06F515B0155B00B18FB9 /* nodeapp_ui_element_osdep_application.mm */ = {isa = PBXFileReference; fileEncoding = 4; lastKnownFileType = sourcecode.cpp.objcpp; path = nodeapp_ui_element_osdep_application.mm; sourceTree = "<group>"; };
		434E06F615B0155B00B18FB9 /* nodeapp_ui_element_osdep_button.hh */ = {isa = PBXFileReference; fileEncoding = 4; lastKnownFileType = sourcecode.cpp.h; path = nodeapp_ui_element_osdep_button.hh; sourceTree = "<group>"; };
		434E06F715B0155B00B18FB9 /* nodeapp_ui_element_osdep_button.mm */ = {isa = PBXFileReference; fileEncoding = 4; lastKnownFileType = sourcecode.cpp.objcpp; path = nodeapp_ui_element_osdep_button.mm; sourceTree = "<group>"; };
		434E06F815B0155B00B18FB9 /* nodeapp_ui_element_osdep_control.hh */ = {isa = PBXFileReference; fileEncoding = 4; lastKnownFileType = sourcecode.cpp.h; path = nodeapp_ui_element_osdep_control.hh; sourceTree = "<group>"; };
		434E06F915B0155B00B18FB9 /* nodeapp_ui_element_osdep_control.mm */ = {isa = PBXFileReference; fileEncoding = 4; lastKnownFileType = sourcecode.cpp.objcpp; path = nodeapp_ui_element_osdep_control.mm; sourceTree = "<group>"; };
		434E06FA15B0155B00B18FB9 /* nodeapp_ui_element_osdep_generic.hh */ = {isa = PBXFileReference; fileEncoding = 4; lastKnownFileType = sourcecode.cpp.h; path = nodeapp_ui_element_osdep_generic.hh; sourceTree = "<group>"; };
		434E06FB15B0155B00B18FB9 /* nodeapp_ui_element_osdep_generic.mm */ = {isa = PBXFileReference; fileEncoding = 4; lastKnownFileType = sourcecode.cpp.objcpp; path = nodeapp_ui_element_osdep_generic.mm; sourceTree = "<group>"; };
		434E06FC15B0155B00B18FB9 /* nodeapp_ui_element_osdep_outline.hh */ = {isa = PBXFileReference; fileEncoding = 4; lastKnownFileType = sourcecode.cpp.h; path = nodeapp_ui_element_osdep_outline.hh; sourceTree = "<group>"; };
		434E06FD15B0155B00B18FB9 /* nodeapp_ui_element_osdep_outline.mm */ = {isa = PBXFileReference; fileEncoding = 4; lastKnownFileType = sourcecode.cpp.objcpp; path = nodeapp_ui_element_osdep_outline.mm; sourceTree = "<group>"; };
		434E06FE15B0155B00B18FB9 /* nodeapp_ui_element_osdep_table.hh */ = {isa = PBXFileReference; fileEncoding = 4; lastKnownFileType = sourcecode.cpp.h; path = nodeapp_ui_element_osdep_table.hh; sourceTree = "<group>"; };
		434E06FF15B0155B00B18FB9 /* nodeapp_ui_element_osdep_table.mm */ = {isa = PBXFileReference; fileEncoding = 4; lastKnownFileType = sourcecode.cpp.objcpp; path = nodeapp_ui_element_osdep_table.mm; sourceTree = "<group>"; };
		434E070015B0155B00B18FB9 /* nodeapp_ui_element_osdep_table_base.hh */ = {isa = PBXFileReference; fileEncoding = 4; lastKnownFileType = sourcecode.cpp.h; path = nodeapp_ui_element_osdep_table_base.hh; sourceTree = "<group>"; };
		434E070115B0155B00B18FB9 /* nodeapp_ui_element_osdep_table_base.mm */ = {isa = PBXFileReference; fileEncoding = 4; lastKnownFileType = sourcecode.cpp.objcpp; path = nodeapp_ui_element_osdep_table_base.mm; sourceTree = "<group>"; };
		434E070215B0155B00B18FB9 /* nodeapp_ui_element_osdep_textfield.hh */ = {isa = PBXFileReference; fileEncoding = 4; lastKnownFileType = sourcecode.cpp.h; path = nodeapp_ui_element_osdep_textfield.hh; sourceTree = "<group>"; };
		434E070315B0155B00B18FB9 /* nodeapp_ui_element_osdep_textfield.mm */ = {isa = PBXFileReference; fileEncoding = 4; lastKnownFileType = sourcecode.cpp.objcpp; path = nodeapp_ui_element_osdep_textfield.mm; sourceTree = "<group>"; };
		434E070415B0155B00B18FB9 /* nodeapp_ui_element_osdep_utils.hh */ = {isa = PBXFileReference; fileEncoding = 4; lastKnownFileType = sourcecode.cpp.h; path = nodeapp_ui_element_osdep_utils.hh; sourceTree = "<group>"; };
		434E070515B0155B00B18FB9 /* nodeapp_ui_element_osdep_utils.mm */ = {isa = PBXFileReference; fileEncoding = 4; lastKnownFileType = sourcecode.cpp.objcpp; path = nodeapp_ui_element_osdep_utils.mm; sourceTree = "<group>"; };
		434E070615B0155B00B18FB9 /* nodeapp_ui_element_osdep_view.hh */ = {isa = PBXFileReference; fileEncoding = 4; lastKnownFileType = sourcecode.cpp.h; path = nodeapp_ui_element_osdep_view.hh; sourceTree = "<group>"; };
		434E070715B0155B00B18FB9 /* nodeapp_ui_element_osdep_view.mm */ = {isa = PBXFileReference; fileEncoding = 4; lastKnownFileType = sourcecode.cpp.objcpp; path = nodeapp_ui_element_osdep_view.mm; sourceTree = "<group>"; };
		434E070815B0155B00B18FB9 /* nodeapp_ui_element_osdep_window.hh */ = {isa = PBXFileReference; fileEncoding = 4; lastKnownFileType = sourcecode.cpp.h; path = nodeapp_ui_element_osdep_window.hh; sourceTree = "<group>"; };
		434E070915B0155B00B18FB9 /* nodeapp_ui_element_osdep_window.mm */ = {isa = PBXFileReference; fileEncoding = 4; lastKnownFileType = sourcecode.cpp.objcpp; path = nodeapp_ui_element_osdep_window.mm; sourceTree = "<group>"; };
		434E070A15B0155B00B18FB9 /* nodeapp_ui_image.m */ = {isa = PBXFileReference; fileEncoding = 4; lastKnownFileType = sourcecode.c.objc; path = nodeapp_ui_image.m; sourceTree = "<group>"; };
		434E070B15B0155B00B18FB9 /* nodeapp_ui_objcobject.hh */ = {isa = PBXFileReference; fileEncoding = 4; lastKnownFileType = sourcecode.cpp.h; path = nodeapp_ui_objcobject.hh; sourceTree = "<group>"; };
		434E070C15B0155B00B18FB9 /* NodeAppWindow.h */ = {isa = PBXFileReference; fileEncoding = 4; lastKnownFileType = sourcecode.c.h; path = NodeAppWindow.h; sourceTree = "<group>"; };
		434E070D15B0155B00B18FB9 /* NodeAppWindow.m */ = {isa = PBXFileReference; fileEncoding = 4; lastKnownFileType = sourcecode.c.objc; path = NodeAppWindow.m; sourceTree = "<group>"; };
		434E071015B0155B00B18FB9 /* nodeapp_url_handler.h */ = {isa = PBXFileReference; fileEncoding = 4; lastKnownFileType = sourcecode.c.h; path = nodeapp_url_handler.h; sourceTree = "<group>"; };
		434E071215B0155B00B18FB9 /* nodeapp_url_handler_mac.h */ = {isa = PBXFileReference; fileEncoding = 4; lastKnownFileType = sourcecode.c.h; path = nodeapp_url_handler_mac.h; sourceTree = "<group>"; };
		434E071315B0155B00B18FB9 /* nodeapp_url_handler_mac.m */ = {isa = PBXFileReference; fileEncoding = 4; lastKnownFileType = sourcecode.c.objc; path = nodeapp_url_handler_mac.m; sourceTree = "<group>"; };
		43594AF313D3BB34004175B2 /* QuartzCore.framework */ = {isa = PBXFileReference; lastKnownFileType = wrapper.framework; name = QuartzCore.framework; path = System/Library/Frameworks/QuartzCore.framework; sourceTree = SDKROOT; };
		438A230F154AE2420070E9F2 /* AppDelegate.h */ = {isa = PBXFileReference; fileEncoding = 4; lastKnownFileType = sourcecode.c.h; path = AppDelegate.h; sourceTree = "<group>"; };
		438A2310154AE2420070E9F2 /* AppDelegate.m */ = {isa = PBXFileReference; fileEncoding = 4; lastKnownFileType = sourcecode.c.objc; path = AppDelegate.m; sourceTree = "<group>"; };
		43A265E613DCEAE600704BF6 /* Carbon.framework */ = {isa = PBXFileReference; lastKnownFileType = wrapper.framework; name = Carbon.framework; path = System/Library/Frameworks/Carbon.framework; sourceTree = SDKROOT; };
		43E22F7915444A2E00BCD9C9 /* AddTemplate.png */ = {isa = PBXFileReference; lastKnownFileType = image.png; path = AddTemplate.png; sourceTree = "<group>"; };
		43E22F7A15444A2E00BCD9C9 /* background.png */ = {isa = PBXFileReference; lastKnownFileType = image.png; path = background.png; sourceTree = "<group>"; };
		43E22F7B15444A2E00BCD9C9 /* FolderIcon64.png */ = {isa = PBXFileReference; lastKnownFileType = image.png; path = FolderIcon64.png; sourceTree = "<group>"; };
		43E22F7C15444A2E00BCD9C9 /* Icon-48.png */ = {isa = PBXFileReference; lastKnownFileType = image.png; path = "Icon-48.png"; sourceTree = "<group>"; };
		43E22F7D15444A2E00BCD9C9 /* LRHelpTemplate.png */ = {isa = PBXFileReference; lastKnownFileType = image.png; path = LRHelpTemplate.png; sourceTree = "<group>"; };
		43E22F7E15444A2E00BCD9C9 /* LRSupportTemplate.png */ = {isa = PBXFileReference; lastKnownFileType = image.png; path = LRSupportTemplate.png; sourceTree = "<group>"; };
		43E22F7F15444A2E00BCD9C9 /* LRTerminalButtonOff.png */ = {isa = PBXFileReference; lastKnownFileType = image.png; path = LRTerminalButtonOff.png; sourceTree = "<group>"; };
		43E22F8015444A2E00BCD9C9 /* LRTerminalButtonOffHighlight.png */ = {isa = PBXFileReference; lastKnownFileType = image.png; path = LRTerminalButtonOffHighlight.png; sourceTree = "<group>"; };
		43E22F8115444A2E00BCD9C9 /* LRTerminalButtonOn.png */ = {isa = PBXFileReference; lastKnownFileType = image.png; path = LRTerminalButtonOn.png; sourceTree = "<group>"; };
		43E22F8215444A2E00BCD9C9 /* LRTerminalButtonOnHighlight.png */ = {isa = PBXFileReference; lastKnownFileType = image.png; path = LRTerminalButtonOnHighlight.png; sourceTree = "<group>"; };
		43E22F8315444A2E00BCD9C9 /* PlaceholderTemplate.png */ = {isa = PBXFileReference; lastKnownFileType = image.png; path = PlaceholderTemplate.png; sourceTree = "<group>"; };
		43E22F8415444A2E00BCD9C9 /* preferences-box.png */ = {isa = PBXFileReference; lastKnownFileType = image.png; path = "preferences-box.png"; sourceTree = "<group>"; };
		43E22F8515444A2E00BCD9C9 /* ProjectPaneBackground.png */ = {isa = PBXFileReference; lastKnownFileType = image.png; path = ProjectPaneBackground.png; sourceTree = "<group>"; };
		43E22F8615444A2E00BCD9C9 /* RemoveTemplate.png */ = {isa = PBXFileReference; lastKnownFileType = image.png; path = RemoveTemplate.png; sourceTree = "<group>"; };
		43E22F8715444A2E00BCD9C9 /* settings.png */ = {isa = PBXFileReference; lastKnownFileType = image.png; path = settings.png; sourceTree = "<group>"; };
		43E22F8915444A2E00BCD9C9 /* StatusItemActive.png */ = {isa = PBXFileReference; lastKnownFileType = image.png; path = StatusItemActive.png; sourceTree = "<group>"; };
		43E22F8A15444A2E00BCD9C9 /* StatusItemDropTarget.png */ = {isa = PBXFileReference; lastKnownFileType = image.png; path = StatusItemDropTarget.png; sourceTree = "<group>"; };
		43E22F8B15444A2E00BCD9C9 /* StatusItemHighlighted.png */ = {isa = PBXFileReference; lastKnownFileType = image.png; path = StatusItemHighlighted.png; sourceTree = "<group>"; };
		43E22F8C15444A2E00BCD9C9 /* StatusItemInactive.png */ = {isa = PBXFileReference; lastKnownFileType = image.png; path = StatusItemInactive.png; sourceTree = "<group>"; };
		43E22F8D15444A2E00BCD9C9 /* StatusItemStateRotation1.png */ = {isa = PBXFileReference; lastKnownFileType = image.png; path = StatusItemStateRotation1.png; sourceTree = "<group>"; };
		43E22F8E15444A2E00BCD9C9 /* StatusItemStateRotation2.png */ = {isa = PBXFileReference; lastKnownFileType = image.png; path = StatusItemStateRotation2.png; sourceTree = "<group>"; };
		43E22F8F15444A2E00BCD9C9 /* StatusItemStateRotation3.png */ = {isa = PBXFileReference; lastKnownFileType = image.png; path = StatusItemStateRotation3.png; sourceTree = "<group>"; };
		43E22F9015444A2E00BCD9C9 /* TerminalBackground.png */ = {isa = PBXFileReference; lastKnownFileType = image.png; path = TerminalBackground.png; sourceTree = "<group>"; };
		43E22F9115444A2E00BCD9C9 /* TerminalBackgroundSquare.png */ = {isa = PBXFileReference; lastKnownFileType = image.png; path = TerminalBackgroundSquare.png; sourceTree = "<group>"; };
		43E22F9215444A2E00BCD9C9 /* TerminalGlare.png */ = {isa = PBXFileReference; lastKnownFileType = image.png; path = TerminalGlare.png; sourceTree = "<group>"; };
		43E22F9315444A2E00BCD9C9 /* TerminalStripes.png */ = {isa = PBXFileReference; lastKnownFileType = image.png; path = TerminalStripes.png; sourceTree = "<group>"; };
		43E22F9415444A2E00BCD9C9 /* TitleBarHelpTemplate.png */ = {isa = PBXFileReference; lastKnownFileType = image.png; path = TitleBarHelpTemplate.png; sourceTree = "<group>"; };
		43E22F9515444A2E00BCD9C9 /* WelcomePaneBackground.png */ = {isa = PBXFileReference; lastKnownFileType = image.png; path = WelcomePaneBackground.png; sourceTree = "<group>"; };
		43E22F9615444A2E00BCD9C9 /* Info.plist */ = {isa = PBXFileReference; fileEncoding = 4; lastKnownFileType = text.plist.xml; path = Info.plist; sourceTree = "<group>"; };
		43E22F9715444A2E00BCD9C9 /* App.icns */ = {isa = PBXFileReference; lastKnownFileType = image.icns; path = App.icns; sourceTree = "<group>"; };
		43E22F9D15444A2E00BCD9C9 /* prefix.pch */ = {isa = PBXFileReference; fileEncoding = 4; lastKnownFileType = sourcecode.c.h; path = prefix.pch; sourceTree = "<group>"; };
		43E22F9E15444A2E00BCD9C9 /* main.m */ = {isa = PBXFileReference; fileEncoding = 4; lastKnownFileType = sourcecode.c.objc; path = main.m; sourceTree = "<group>"; };
		43E22FC715444AD700BCD9C9 /* InfoPlist.strings */ = {isa = PBXFileReference; fileEncoding = 4; lastKnownFileType = text.plist.strings; path = InfoPlist.strings; sourceTree = "<group>"; };
		43E22FC815444AD700BCD9C9 /* MainMenu.xib */ = {isa = PBXFileReference; fileEncoding = 4; lastKnownFileType = file.xib; path = MainMenu.xib; sourceTree = "<group>"; };
		43E22FCC15444B2800BCD9C9 /* app_config.h */ = {isa = PBXFileReference; fileEncoding = 4; lastKnownFileType = sourcecode.c.h; path = app_config.h; sourceTree = "<group>"; };
		43E23050154463F700BCD9C9 /* app_version.h */ = {isa = PBXFileReference; fileEncoding = 4; lastKnownFileType = sourcecode.c.h; path = app_version.h; sourceTree = "<group>"; };
		43E230521544706600BCD9C9 /* nodeapp_rpc_proxy.c */ = {isa = PBXFileReference; fileEncoding = 4; lastKnownFileType = sourcecode.c.c; path = nodeapp_rpc_proxy.c; sourceTree = "<group>"; };
		43E230531544706600BCD9C9 /* nodeapp_rpc_proxy.h */ = {isa = PBXFileReference; fileEncoding = 4; lastKnownFileType = sourcecode.c.h; path = nodeapp_rpc_proxy.h; sourceTree = "<group>"; };
		43E230541544706600BCD9C9 /* nodeapp_rpc_router.c */ = {isa = PBXFileReference; fileEncoding = 4; lastKnownFileType = sourcecode.c.c; path = nodeapp_rpc_router.c; sourceTree = "<group>"; };
		43E2306215449DA600BCD9C9 /* node */ = {isa = PBXFileReference; lastKnownFileType = "compiled.mach-o.executable"; path = node; sourceTree = "<group>"; };
		8D1107320486CEB800E47090 /* LiveReload.app */ = {isa = PBXFileReference; explicitFileType = wrapper.application; includeInIndex = 0; path = LiveReload.app; sourceTree = BUILT_PRODUCTS_DIR; };
/* End PBXFileReference section */

/* Begin PBXFrameworksBuildPhase section */
		8D11072E0486CEB800E47090 /* Frameworks */ = {
			isa = PBXFrameworksBuildPhase;
			buildActionMask = 2147483647;
			files = (
				43059222151E8FA400CC3F88 /* CoreServices.framework in Frameworks */,
				43594AF413D3BB34004175B2 /* QuartzCore.framework in Frameworks */,
				43361D4613C30D1400C0E589 /* libicucore.dylib in Frameworks */,
				8D11072F0486CEB800E47090 /* Cocoa.framework in Frameworks */,
			);
			runOnlyForDeploymentPostprocessing = 0;
		};
/* End PBXFrameworksBuildPhase section */

/* Begin PBXGroup section */
		1058C7A0FEA54F0111CA2CBB /* Linked Frameworks */ = {
			isa = PBXGroup;
			children = (
				43059221151E8FA400CC3F88 /* CoreServices.framework */,
				43594AF313D3BB34004175B2 /* QuartzCore.framework */,
				1058C7A1FEA54F0111CA2CBB /* Cocoa.framework */,
			);
			name = "Linked Frameworks";
			sourceTree = "<group>";
		};
		1058C7A2FEA54F0111CA2CBB /* Other Frameworks */ = {
			isa = PBXGroup;
			children = (
				43A265E613DCEAE600704BF6 /* Carbon.framework */,
				29B97324FDCFA39411CA2CEA /* AppKit.framework */,
				13E42FB307B3F0F600E4EEF1 /* CoreData.framework */,
				29B97325FDCFA39411CA2CEA /* Foundation.framework */,
			);
			name = "Other Frameworks";
			sourceTree = "<group>";
		};
		19C28FACFE9D520D11CA2CBB /* Products */ = {
			isa = PBXGroup;
			children = (
				8D1107320486CEB800E47090 /* LiveReload.app */,
			);
			name = Products;
			sourceTree = "<group>";
		};
		29B97314FDCFA39411CA2CEA /* LiveReload */ = {
			isa = PBXGroup;
			children = (
				43E22F7615444A2E00BCD9C9 /* app */,
				434E069115B0155B00B18FB9 /* nodeapp */,
				29B97323FDCFA39411CA2CEA /* Frameworks */,
				19C28FACFE9D520D11CA2CBB /* Products */,
			);
			name = LiveReload;
			sourceTree = "<group>";
		};
		29B97323FDCFA39411CA2CEA /* Frameworks */ = {
			isa = PBXGroup;
			children = (
				43361D4513C30D1400C0E589 /* libicucore.dylib */,
				1058C7A0FEA54F0111CA2CBB /* Linked Frameworks */,
				1058C7A2FEA54F0111CA2CBB /* Other Frameworks */,
			);
			name = Frameworks;
			sourceTree = "<group>";
		};
		4348E4C6154ADA0200BA8F26 /* utilities */ = {
			isa = PBXGroup;
			children = (
				4348E4C7154ADA0200BA8F26 /* PassThruImageView.h */,
				4348E4C8154ADA0200BA8F26 /* PassThruImageView.m */,
				4348E4C9154ADA0200BA8F26 /* PassThruView.h */,
				4348E4CA154ADA0200BA8F26 /* PassThruView.m */,
			);
			path = utilities;
			sourceTree = "<group>";
		};
		4348E4CD154ADA1400BA8F26 /* vendor */ = {
			isa = PBXGroup;
			children = (
				4348E4CE154ADA1400BA8F26 /* ImageAndTextCell.h */,
				4348E4CF154ADA1400BA8F26 /* ImageAndTextCell.m */,
			);
			path = vendor;
			sourceTree = "<group>";
		};
		434E069115B0155B00B18FB9 /* nodeapp */ = {
			isa = PBXGroup;
			children = (
				434E069315B0155B00B18FB9 /* core */,
				434E06CE15B0155B00B18FB9 /* fsmonitor */,
				434E06E715B0155B00B18FB9 /* licensing */,
				434E06ED15B0155B00B18FB9 /* ui */,
				434E070E15B0155B00B18FB9 /* url_handler */,
			);
			name = nodeapp;
			path = ../../nodeapp;
			sourceTree = "<group>";
		};
		434E069315B0155B00B18FB9 /* core */ = {
			isa = PBXGroup;
			children = (
				434E069415B0155B00B18FB9 /* libs */,
				434E06A615B0155B00B18FB9 /* src */,
				434E06B515B0155B00B18FB9 /* src-mac */,
				434E06C915B0155B00B18FB9 /* tasks */,
			);
			path = core;
			sourceTree = "<group>";
		};
		434E069415B0155B00B18FB9 /* libs */ = {
			isa = PBXGroup;
			children = (
				434E069515B0155B00B18FB9 /* jansson */,
			);
			path = libs;
			sourceTree = "<group>";
		};
		434E069515B0155B00B18FB9 /* jansson */ = {
			isa = PBXGroup;
			children = (
				434E069615B0155B00B18FB9 /* dump.c */,
				434E069715B0155B00B18FB9 /* error.c */,
				434E069815B0155B00B18FB9 /* hashtable.c */,
				434E069915B0155B00B18FB9 /* hashtable.h */,
				434E069A15B0155B00B18FB9 /* jansson.h */,
				434E069B15B0155B00B18FB9 /* jansson_config.h */,
				434E069C15B0155B00B18FB9 /* jansson_private.h */,
				434E069D15B0155B00B18FB9 /* load.c */,
				434E069E15B0155B00B18FB9 /* memory.c */,
				434E069F15B0155B00B18FB9 /* pack_unpack.c */,
				434E06A015B0155B00B18FB9 /* strbuffer.c */,
				434E06A115B0155B00B18FB9 /* strbuffer.h */,
				434E06A215B0155B00B18FB9 /* strconv.c */,
				434E06A315B0155B00B18FB9 /* utf.c */,
				434E06A415B0155B00B18FB9 /* utf.h */,
				434E06A515B0155B00B18FB9 /* value.c */,
			);
			path = jansson;
			sourceTree = "<group>";
		};
		434E06A615B0155B00B18FB9 /* src */ = {
			isa = PBXGroup;
			children = (
				434E06A715B0155B00B18FB9 /* nodeapp.c */,
				434E06A815B0155B00B18FB9 /* nodeapp.h */,
				434E06A915B0155B00B18FB9 /* nodeapp_autorelease.c */,
				434E06AA15B0155B00B18FB9 /* nodeapp_broker.c */,
				434E06AB15B0155B00B18FB9 /* nodeapp_broker.h */,
				434E06AC15B0155B00B18FB9 /* nodeapp_paths_common.c */,
				434E06AD15B0155B00B18FB9 /* nodeapp_private.h */,
				434E06AE15B0155B00B18FB9 /* nodeapp_rpc_common.c */,
				434E06AF15B0155B00B18FB9 /* nodeapp_rpc_protocol.c */,
				434E06B015B0155B00B18FB9 /* nodeapp_rpc_proxy.c.erb */,
				434E06B115B0155B00B18FB9 /* nodeapp_rpc_proxy.h.erb */,
				434E06B215B0155B00B18FB9 /* nodeapp_rpc_router.c.erb */,
				434E06B315B0155B00B18FB9 /* nodeapp_rpc_router.h */,
				434E06B415B0155B00B18FB9 /* nodeapp_utils.c */,
			);
			path = src;
			sourceTree = "<group>";
		};
		434E06B515B0155B00B18FB9 /* src-mac */ = {
			isa = PBXGroup;
			children = (
				434E06B615B0155B00B18FB9 /* nodeapp_api_app.m */,
				434E06B715B0155B00B18FB9 /* nodeapp_api_preferences.m */,
				434E06B815B0155B00B18FB9 /* nodeapp_autorelease_osdep.m */,
				434E06B915B0155B00B18FB9 /* nodeapp_broker_osdep.h */,
				434E06BA15B0155B00B18FB9 /* nodeapp_broker_osdep.m */,
				434E06BB15B0155B00B18FB9 /* nodeapp_callbacks.m */,
				434E06BC15B0155B00B18FB9 /* nodeapp_crash.m */,
				434E06BD15B0155B00B18FB9 /* nodeapp_logging.c */,
				434E06BE15B0155B00B18FB9 /* nodeapp_objc_json.m */,
				434E06BF15B0155B00B18FB9 /* nodeapp_paths_osdep.m */,
				434E06C015B0155B00B18FB9 /* nodeapp_rpc_osdep.c */,
				434E06C115B0155B00B18FB9 /* nodeapp_threading.c */,
				434E06C215B0155B00B18FB9 /* NodeAppDelegate.h */,
				434E06C315B0155B00B18FB9 /* NodeAppDelegate.m */,
				434E06C415B0155B00B18FB9 /* NodeAppWindowController.h */,
				434E06C515B0155B00B18FB9 /* NodeAppWindowController.m */,
			);
			path = "src-mac";
			sourceTree = "<group>";
		};
		434E06C915B0155B00B18FB9 /* tasks */ = {
			isa = PBXGroup;
			children = (
				434E06CA15B0155B00B18FB9 /* copy_task.rb */,
				434E06CB15B0155B00B18FB9 /* plist.rb */,
				434E06CC15B0155B00B18FB9 /* routing_tasks.rb */,
				434E06CD15B0155B00B18FB9 /* version_tasks.rb */,
			);
			path = tasks;
			sourceTree = "<group>";
		};
		434E06CE15B0155B00B18FB9 /* fsmonitor */ = {
			isa = PBXGroup;
			children = (
				434E06CF15B0155B00B18FB9 /* libs */,
				434E06E515B0155B00B18FB9 /* src */,
			);
			path = fsmonitor;
			sourceTree = "<group>";
		};
		434E06CF15B0155B00B18FB9 /* libs */ = {
			isa = PBXGroup;
			children = (
				434E06D015B0155B00B18FB9 /* fsmonitor */,
			);
			path = libs;
			sourceTree = "<group>";
		};
		434E06D015B0155B00B18FB9 /* fsmonitor */ = {
			isa = PBXGroup;
			children = (
				434E06D715B0155B00B18FB9 /* headers */,
				434E06DC15B0155B00B18FB9 /* src */,
			);
			path = fsmonitor;
			sourceTree = "<group>";
		};
		434E06D715B0155B00B18FB9 /* headers */ = {
			isa = PBXGroup;
			children = (
				434E06D815B0155B00B18FB9 /* fsmonitor.h */,
				434E06D915B0155B00B18FB9 /* fsmonitor_private.h */,
			);
			path = headers;
			sourceTree = "<group>";
		};
		434E06DC15B0155B00B18FB9 /* src */ = {
			isa = PBXGroup;
			children = (
				434E06DD15B0155B00B18FB9 /* fsdiff.c */,
				434E06DE15B0155B00B18FB9 /* fslistener_osx.c */,
				434E06E015B0155B00B18FB9 /* fsmonitor.c */,
				434E06E115B0155B00B18FB9 /* fstree.c */,
				434E06E215B0155B00B18FB9 /* fstree_create_posix.c */,
				434E06E415B0155B00B18FB9 /* fstree_diff.c */,
			);
			path = src;
			sourceTree = "<group>";
		};
		434E06E515B0155B00B18FB9 /* src */ = {
			isa = PBXGroup;
			children = (
				434E06E615B0155B00B18FB9 /* monitoring.c */,
			);
			path = src;
			sourceTree = "<group>";
		};
		434E06E715B0155B00B18FB9 /* licensing */ = {
			isa = PBXGroup;
			children = (
				434E06E815B0155B00B18FB9 /* src */,
				434E06EA15B0155B00B18FB9 /* src-mac */,
			);
			path = licensing;
			sourceTree = "<group>";
		};
		434E06E815B0155B00B18FB9 /* src */ = {
			isa = PBXGroup;
			children = (
				434E06E915B0155B00B18FB9 /* nodeapp_licensing.h */,
			);
			path = src;
			sourceTree = "<group>";
		};
		434E06EA15B0155B00B18FB9 /* src-mac */ = {
			isa = PBXGroup;
			children = (
				434E06EB15B0155B00B18FB9 /* nodeapp_licensing.m */,
			);
			path = "src-mac";
			sourceTree = "<group>";
		};
		434E06ED15B0155B00B18FB9 /* ui */ = {
			isa = PBXGroup;
			children = (
				434E06EE15B0155B00B18FB9 /* src */,
				434E06F215B0155B00B18FB9 /* src-mac */,
			);
			path = ui;
			sourceTree = "<group>";
		};
		434E06EE15B0155B00B18FB9 /* src */ = {
			isa = PBXGroup;
			children = (
				434E06EF15B0155B00B18FB9 /* nodeapp_ui.h */,
				434E06F015B0155B00B18FB9 /* nodeapp_ui_element.cc */,
				434E06F115B0155B00B18FB9 /* nodeapp_ui_element.hh */,
			);
			path = src;
			sourceTree = "<group>";
		};
		434E06F215B0155B00B18FB9 /* src-mac */ = {
			isa = PBXGroup;
			children = (
				434E06F315B0155B00B18FB9 /* nodeapp_ui_element_osdep.mm */,
				434E06F415B0155B00B18FB9 /* nodeapp_ui_element_osdep_application.hh */,
				434E06F515B0155B00B18FB9 /* nodeapp_ui_element_osdep_application.mm */,
				434E06F615B0155B00B18FB9 /* nodeapp_ui_element_osdep_button.hh */,
				434E06F715B0155B00B18FB9 /* nodeapp_ui_element_osdep_button.mm */,
				434E06F815B0155B00B18FB9 /* nodeapp_ui_element_osdep_control.hh */,
				434E06F915B0155B00B18FB9 /* nodeapp_ui_element_osdep_control.mm */,
				434E06FA15B0155B00B18FB9 /* nodeapp_ui_element_osdep_generic.hh */,
				434E06FB15B0155B00B18FB9 /* nodeapp_ui_element_osdep_generic.mm */,
				434E06FC15B0155B00B18FB9 /* nodeapp_ui_element_osdep_outline.hh */,
				434E06FD15B0155B00B18FB9 /* nodeapp_ui_element_osdep_outline.mm */,
				434E06FE15B0155B00B18FB9 /* nodeapp_ui_element_osdep_table.hh */,
				434E06FF15B0155B00B18FB9 /* nodeapp_ui_element_osdep_table.mm */,
				434E070015B0155B00B18FB9 /* nodeapp_ui_element_osdep_table_base.hh */,
				434E070115B0155B00B18FB9 /* nodeapp_ui_element_osdep_table_base.mm */,
				434E070215B0155B00B18FB9 /* nodeapp_ui_element_osdep_textfield.hh */,
				434E070315B0155B00B18FB9 /* nodeapp_ui_element_osdep_textfield.mm */,
				434E070415B0155B00B18FB9 /* nodeapp_ui_element_osdep_utils.hh */,
				434E070515B0155B00B18FB9 /* nodeapp_ui_element_osdep_utils.mm */,
				434E070615B0155B00B18FB9 /* nodeapp_ui_element_osdep_view.hh */,
				434E070715B0155B00B18FB9 /* nodeapp_ui_element_osdep_view.mm */,
				434E070815B0155B00B18FB9 /* nodeapp_ui_element_osdep_window.hh */,
				434E070915B0155B00B18FB9 /* nodeapp_ui_element_osdep_window.mm */,
				434E070A15B0155B00B18FB9 /* nodeapp_ui_image.m */,
				434E070B15B0155B00B18FB9 /* nodeapp_ui_objcobject.hh */,
				434E070C15B0155B00B18FB9 /* NodeAppWindow.h */,
				434E070D15B0155B00B18FB9 /* NodeAppWindow.m */,
			);
			path = "src-mac";
			sourceTree = "<group>";
		};
		434E070E15B0155B00B18FB9 /* url_handler */ = {
			isa = PBXGroup;
			children = (
				434E070F15B0155B00B18FB9 /* src */,
				434E071115B0155B00B18FB9 /* src-mac */,
			);
			path = url_handler;
			sourceTree = "<group>";
		};
		434E070F15B0155B00B18FB9 /* src */ = {
			isa = PBXGroup;
			children = (
				434E071015B0155B00B18FB9 /* nodeapp_url_handler.h */,
			);
			path = src;
			sourceTree = "<group>";
		};
		434E071115B0155B00B18FB9 /* src-mac */ = {
			isa = PBXGroup;
			children = (
				434E071215B0155B00B18FB9 /* nodeapp_url_handler_mac.h */,
				434E071315B0155B00B18FB9 /* nodeapp_url_handler_mac.m */,
			);
			path = "src-mac";
			sourceTree = "<group>";
		};
		438A230E154AE2340070E9F2 /* app */ = {
			isa = PBXGroup;
			children = (
				438A230F154AE2420070E9F2 /* AppDelegate.h */,
				438A2310154AE2420070E9F2 /* AppDelegate.m */,
			);
			path = app;
			sourceTree = "<group>";
		};
		43E22F7615444A2E00BCD9C9 /* app */ = {
			isa = PBXGroup;
			children = (
				43E22F7715444A2E00BCD9C9 /* mac */,
				43E22F9F15444A2E00BCD9C9 /* shared */,
			);
			name = app;
			path = ..;
			sourceTree = "<group>";
		};
		43E22F7715444A2E00BCD9C9 /* mac */ = {
			isa = PBXGroup;
			children = (
				43E22F7815444A2E00BCD9C9 /* images */,
				43E22F9B15444A2E00BCD9C9 /* resources */,
				43E230511544706500BCD9C9 /* gen_src */,
				43E22F9C15444A2E00BCD9C9 /* src */,
				43E22F9615444A2E00BCD9C9 /* Info.plist */,
				43E22FC715444AD700BCD9C9 /* InfoPlist.strings */,
				43E22FC815444AD700BCD9C9 /* MainMenu.xib */,
				43E22F9715444A2E00BCD9C9 /* App.icns */,
			);
			path = mac;
			sourceTree = "<group>";
		};
		43E22F7815444A2E00BCD9C9 /* images */ = {
			isa = PBXGroup;
			children = (
				43E22F7915444A2E00BCD9C9 /* AddTemplate.png */,
				43E22F7A15444A2E00BCD9C9 /* background.png */,
				43E22F7B15444A2E00BCD9C9 /* FolderIcon64.png */,
				43E22F7C15444A2E00BCD9C9 /* Icon-48.png */,
				43E22F7D15444A2E00BCD9C9 /* LRHelpTemplate.png */,
				43E22F7E15444A2E00BCD9C9 /* LRSupportTemplate.png */,
				43E22F7F15444A2E00BCD9C9 /* LRTerminalButtonOff.png */,
				43E22F8015444A2E00BCD9C9 /* LRTerminalButtonOffHighlight.png */,
				43E22F8115444A2E00BCD9C9 /* LRTerminalButtonOn.png */,
				43E22F8215444A2E00BCD9C9 /* LRTerminalButtonOnHighlight.png */,
				43E22F8315444A2E00BCD9C9 /* PlaceholderTemplate.png */,
				43E22F8415444A2E00BCD9C9 /* preferences-box.png */,
				43E22F8515444A2E00BCD9C9 /* ProjectPaneBackground.png */,
				43E22F8615444A2E00BCD9C9 /* RemoveTemplate.png */,
				43E22F8715444A2E00BCD9C9 /* settings.png */,
				43E22F8815444A2E00BCD9C9 /* StatusItem */,
				43E22F9015444A2E00BCD9C9 /* TerminalBackground.png */,
				43E22F9115444A2E00BCD9C9 /* TerminalBackgroundSquare.png */,
				43E22F9215444A2E00BCD9C9 /* TerminalGlare.png */,
				43E22F9315444A2E00BCD9C9 /* TerminalStripes.png */,
				43E22F9415444A2E00BCD9C9 /* TitleBarHelpTemplate.png */,
				43E22F9515444A2E00BCD9C9 /* WelcomePaneBackground.png */,
			);
			path = images;
			sourceTree = "<group>";
		};
		43E22F8815444A2E00BCD9C9 /* StatusItem */ = {
			isa = PBXGroup;
			children = (
				43E22F8915444A2E00BCD9C9 /* StatusItemActive.png */,
				43E22F8A15444A2E00BCD9C9 /* StatusItemDropTarget.png */,
				43E22F8B15444A2E00BCD9C9 /* StatusItemHighlighted.png */,
				43E22F8C15444A2E00BCD9C9 /* StatusItemInactive.png */,
				43E22F8D15444A2E00BCD9C9 /* StatusItemStateRotation1.png */,
				43E22F8E15444A2E00BCD9C9 /* StatusItemStateRotation2.png */,
				43E22F8F15444A2E00BCD9C9 /* StatusItemStateRotation3.png */,
			);
			path = StatusItem;
			sourceTree = "<group>";
		};
		43E22F9B15444A2E00BCD9C9 /* resources */ = {
			isa = PBXGroup;
			children = (
				43E2306215449DA600BCD9C9 /* node */,
			);
			path = resources;
			sourceTree = "<group>";
		};
		43E22F9C15444A2E00BCD9C9 /* src */ = {
			isa = PBXGroup;
			children = (
				43E22F9D15444A2E00BCD9C9 /* prefix.pch */,
				43E22F9E15444A2E00BCD9C9 /* main.m */,
				43E23050154463F700BCD9C9 /* app_version.h */,
				438A230E154AE2340070E9F2 /* app */,
				43E230641545D25000BCD9C9 /* ui */,
				4348E4CD154ADA1400BA8F26 /* vendor */,
			);
			path = src;
			sourceTree = "<group>";
		};
		43E22F9F15444A2E00BCD9C9 /* shared */ = {
			isa = PBXGroup;
			children = (
				43E22FA015444A2E00BCD9C9 /* resources */,
				43E22FA215444A2E00BCD9C9 /* src */,
			);
			path = shared;
			sourceTree = "<group>";
		};
		43E22FA015444A2E00BCD9C9 /* resources */ = {
			isa = PBXGroup;
			children = (
			);
			path = resources;
			sourceTree = "<group>";
		};
		43E22FA215444A2E00BCD9C9 /* src */ = {
			isa = PBXGroup;
			children = (
				43E22FCC15444B2800BCD9C9 /* app_config.h */,
			);
			path = src;
			sourceTree = "<group>";
		};
		43E230511544706500BCD9C9 /* gen_src */ = {
			isa = PBXGroup;
			children = (
				43E230521544706600BCD9C9 /* nodeapp_rpc_proxy.c */,
				43E230531544706600BCD9C9 /* nodeapp_rpc_proxy.h */,
				43E230541544706600BCD9C9 /* nodeapp_rpc_router.c */,
			);
			name = gen_src;
			path = ../shared/gen_src;
			sourceTree = "<group>";
		};
		43E230641545D25000BCD9C9 /* ui */ = {
			isa = PBXGroup;
			children = (
				43E230661545D28C00BCD9C9 /* main-window */,
				43E230651545D28C00BCD9C9 /* compilation-settings */,
				43E230671545D28C00BCD9C9 /* monitoring-settings */,
				43E230681545D28C00BCD9C9 /* postproc-settings */,
				43E230691545D28C00BCD9C9 /* status-item */,
				4348E4C6154ADA0200BA8F26 /* utilities */,
			);
			path = ui;
			sourceTree = "<group>";
		};
		43E230651545D28C00BCD9C9 /* compilation-settings */ = {
			isa = PBXGroup;
			children = (
				4308AE651556958600E05511 /* CompilationOptionsWindow.xib */,
				4308AE661556958600E05511 /* CompilationOptionsWindowController.h */,
				4308AE671556958600E05511 /* CompilationOptionsWindowController.m */,
			);
			path = "compilation-settings";
			sourceTree = "<group>";
		};
		43E230661545D28C00BCD9C9 /* main-window */ = {
			isa = PBXGroup;
			children = (
				430829DF15476A30006D5B4A /* MainWindow.xib */,
				430829E015476A30006D5B4A /* MainWindowController.h */,
				430829E115476A30006D5B4A /* MainWindowController.m */,
			);
			path = "main-window";
			sourceTree = "<group>";
		};
		43E230671545D28C00BCD9C9 /* monitoring-settings */ = {
			isa = PBXGroup;
			children = (
				432E73161553C3A400383E8C /* MonitoringSettingsWindow.xib */,
				432E73171553C3A400383E8C /* MonitoringSettingsWindowController.h */,
				432E73181553C3A400383E8C /* MonitoringSettingsWindowController.m */,
			);
			path = "monitoring-settings";
			sourceTree = "<group>";
		};
		43E230681545D28C00BCD9C9 /* postproc-settings */ = {
			isa = PBXGroup;
			children = (
				431D093F15566DB900D094C4 /* PostprocOptionsWindow.xib */,
				431D094015566DB900D094C4 /* PostprocOptionsWindowController.h */,
				431D094115566DB900D094C4 /* PostprocOptionsWindowController.m */,
			);
			path = "postproc-settings";
			sourceTree = "<group>";
		};
		43E230691545D28C00BCD9C9 /* status-item */ = {
			isa = PBXGroup;
			children = (
			);
			path = "status-item";
			sourceTree = "<group>";
		};
/* End PBXGroup section */

/* Begin PBXNativeTarget section */
		8D1107260486CEB800E47090 /* LiveReload */ = {
			isa = PBXNativeTarget;
			buildConfigurationList = C01FCF4A08A954540054247B /* Build configuration list for PBXNativeTarget "LiveReload" */;
			buildPhases = (
				8D1107290486CEB800E47090 /* Resources */,
				8D11072C0486CEB800E47090 /* Sources */,
				8D11072E0486CEB800E47090 /* Frameworks */,
			);
			buildRules = (
			);
			dependencies = (
			);
			name = LiveReload;
			productInstallPath = "$(HOME)/Applications";
			productName = LiveReload;
			productReference = 8D1107320486CEB800E47090 /* LiveReload.app */;
			productType = "com.apple.product-type.application";
		};
/* End PBXNativeTarget section */

/* Begin PBXProject section */
		29B97313FDCFA39411CA2CEA /* Project object */ = {
			isa = PBXProject;
			attributes = {
				LastUpgradeCheck = 0440;
			};
			buildConfigurationList = C01FCF4E08A954540054247B /* Build configuration list for PBXProject "LiveReload" */;
			compatibilityVersion = "Xcode 3.2";
			developmentRegion = English;
			hasScannedForEncodings = 1;
			knownRegions = (
				English,
				Japanese,
				French,
				German,
			);
			mainGroup = 29B97314FDCFA39411CA2CEA /* LiveReload */;
			projectDirPath = "";
			projectRoot = "";
			targets = (
				8D1107260486CEB800E47090 /* LiveReload */,
			);
		};
/* End PBXProject section */

/* Begin PBXResourcesBuildPhase section */
		8D1107290486CEB800E47090 /* Resources */ = {
			isa = PBXResourcesBuildPhase;
			buildActionMask = 2147483647;
			files = (
				43E22FA315444A2E00BCD9C9 /* AddTemplate.png in Resources */,
				43E22FA415444A2E00BCD9C9 /* background.png in Resources */,
				43E22FA515444A2E00BCD9C9 /* FolderIcon64.png in Resources */,
				43E22FA615444A2E00BCD9C9 /* Icon-48.png in Resources */,
				43E22FA715444A2E00BCD9C9 /* LRHelpTemplate.png in Resources */,
				43E22FA815444A2E00BCD9C9 /* LRSupportTemplate.png in Resources */,
				43E22FA915444A2E00BCD9C9 /* LRTerminalButtonOff.png in Resources */,
				43E22FAA15444A2E00BCD9C9 /* LRTerminalButtonOffHighlight.png in Resources */,
				43E22FAB15444A2E00BCD9C9 /* LRTerminalButtonOn.png in Resources */,
				43E22FAC15444A2E00BCD9C9 /* LRTerminalButtonOnHighlight.png in Resources */,
				43E22FAD15444A2E00BCD9C9 /* PlaceholderTemplate.png in Resources */,
				43E22FAE15444A2E00BCD9C9 /* preferences-box.png in Resources */,
				43E22FAF15444A2E00BCD9C9 /* ProjectPaneBackground.png in Resources */,
				43E22FB015444A2E00BCD9C9 /* RemoveTemplate.png in Resources */,
				43E22FB115444A2E00BCD9C9 /* settings.png in Resources */,
				43E22FB215444A2E00BCD9C9 /* StatusItemActive.png in Resources */,
				43E22FB315444A2E00BCD9C9 /* StatusItemDropTarget.png in Resources */,
				43E22FB415444A2E00BCD9C9 /* StatusItemHighlighted.png in Resources */,
				43E22FB515444A2E00BCD9C9 /* StatusItemInactive.png in Resources */,
				43E22FB615444A2E00BCD9C9 /* StatusItemStateRotation1.png in Resources */,
				43E22FB715444A2E00BCD9C9 /* StatusItemStateRotation2.png in Resources */,
				43E22FB815444A2E00BCD9C9 /* StatusItemStateRotation3.png in Resources */,
				43E22FB915444A2E00BCD9C9 /* TerminalBackground.png in Resources */,
				43E22FBA15444A2E00BCD9C9 /* TerminalBackgroundSquare.png in Resources */,
				43E22FBB15444A2E00BCD9C9 /* TerminalGlare.png in Resources */,
				43E22FBC15444A2E00BCD9C9 /* TerminalStripes.png in Resources */,
				43E22FBD15444A2E00BCD9C9 /* TitleBarHelpTemplate.png in Resources */,
				43E22FBE15444A2E00BCD9C9 /* WelcomePaneBackground.png in Resources */,
				43E22FC015444A2E00BCD9C9 /* App.icns in Resources */,
				43E22FC915444AD700BCD9C9 /* InfoPlist.strings in Resources */,
				43E22FCA15444AD700BCD9C9 /* MainMenu.xib in Resources */,
				43E2306315449DA600BCD9C9 /* node in Resources */,
				430829E215476A30006D5B4A /* MainWindow.xib in Resources */,
				432E73191553C3A400383E8C /* MonitoringSettingsWindow.xib in Resources */,
				431D094215566DB900D094C4 /* PostprocOptionsWindow.xib in Resources */,
				4308AE681556958600E05511 /* CompilationOptionsWindow.xib in Resources */,
				434E072515B0155C00B18FB9 /* nodeapp_rpc_proxy.c.erb in Resources */,
				434E072615B0155C00B18FB9 /* nodeapp_rpc_proxy.h.erb in Resources */,
				434E072715B0155C00B18FB9 /* nodeapp_rpc_router.c.erb in Resources */,
				434E073815B0155C00B18FB9 /* copy_task.rb in Resources */,
				434E073915B0155C00B18FB9 /* plist.rb in Resources */,
				434E073A15B0155C00B18FB9 /* routing_tasks.rb in Resources */,
				434E073B15B0155C00B18FB9 /* version_tasks.rb in Resources */,
			);
			runOnlyForDeploymentPostprocessing = 0;
		};
/* End PBXResourcesBuildPhase section */

/* Begin PBXSourcesBuildPhase section */
		8D11072C0486CEB800E47090 /* Sources */ = {
			isa = PBXSourcesBuildPhase;
			buildActionMask = 2147483647;
			files = (
				43E22FC115444A2E00BCD9C9 /* main.m in Sources */,
				43E230551544706600BCD9C9 /* nodeapp_rpc_proxy.c in Sources */,
				43E230561544706600BCD9C9 /* nodeapp_rpc_router.c in Sources */,
				430829E315476A30006D5B4A /* MainWindowController.m in Sources */,
				4348E4CB154ADA0200BA8F26 /* PassThruImageView.m in Sources */,
				4348E4CC154ADA0200BA8F26 /* PassThruView.m in Sources */,
				4348E4D0154ADA1400BA8F26 /* ImageAndTextCell.m in Sources */,
				438A2311154AE2420070E9F2 /* AppDelegate.m in Sources */,
				432E731A1553C3A400383E8C /* MonitoringSettingsWindowController.m in Sources */,
				431D094315566DB900D094C4 /* PostprocOptionsWindowController.m in Sources */,
				4308AE691556958600E05511 /* CompilationOptionsWindowController.m in Sources */,
				434E071515B0155C00B18FB9 /* dump.c in Sources */,
				434E071615B0155C00B18FB9 /* error.c in Sources */,
				434E071715B0155C00B18FB9 /* hashtable.c in Sources */,
				434E071815B0155C00B18FB9 /* load.c in Sources */,
				434E071915B0155C00B18FB9 /* memory.c in Sources */,
				434E071A15B0155C00B18FB9 /* pack_unpack.c in Sources */,
				434E071B15B0155C00B18FB9 /* strbuffer.c in Sources */,
				434E071C15B0155C00B18FB9 /* strconv.c in Sources */,
				434E071D15B0155C00B18FB9 /* utf.c in Sources */,
				434E071E15B0155C00B18FB9 /* value.c in Sources */,
				434E071F15B0155C00B18FB9 /* nodeapp.c in Sources */,
				434E072015B0155C00B18FB9 /* nodeapp_autorelease.c in Sources */,
				434E072115B0155C00B18FB9 /* nodeapp_broker.c in Sources */,
				434E072215B0155C00B18FB9 /* nodeapp_paths_common.c in Sources */,
				434E072315B0155C00B18FB9 /* nodeapp_rpc_common.c in Sources */,
				434E072415B0155C00B18FB9 /* nodeapp_rpc_protocol.c in Sources */,
				434E072815B0155C00B18FB9 /* nodeapp_utils.c in Sources */,
				434E072915B0155C00B18FB9 /* nodeapp_api_app.m in Sources */,
				434E072A15B0155C00B18FB9 /* nodeapp_api_preferences.m in Sources */,
				434E072B15B0155C00B18FB9 /* nodeapp_autorelease_osdep.m in Sources */,
				434E072C15B0155C00B18FB9 /* nodeapp_broker_osdep.m in Sources */,
				434E072D15B0155C00B18FB9 /* nodeapp_callbacks.m in Sources */,
				434E072E15B0155C00B18FB9 /* nodeapp_crash.m in Sources */,
				434E072F15B0155C00B18FB9 /* nodeapp_logging.c in Sources */,
				434E073015B0155C00B18FB9 /* nodeapp_objc_json.m in Sources */,
				434E073115B0155C00B18FB9 /* nodeapp_paths_osdep.m in Sources */,
				434E073215B0155C00B18FB9 /* nodeapp_rpc_osdep.c in Sources */,
				434E073315B0155C00B18FB9 /* nodeapp_threading.c in Sources */,
				434E073415B0155C00B18FB9 /* NodeAppDelegate.m in Sources */,
				434E073515B0155C00B18FB9 /* NodeAppWindowController.m in Sources */,
				434E074315B0155C00B18FB9 /* fsdiff.c in Sources */,
				434E074415B0155C00B18FB9 /* fslistener_osx.c in Sources */,
				434E074615B0155C00B18FB9 /* fsmonitor.c in Sources */,
				434E074715B0155C00B18FB9 /* fstree.c in Sources */,
				434E074815B0155C00B18FB9 /* fstree_create_posix.c in Sources */,
				434E074A15B0155C00B18FB9 /* fstree_diff.c in Sources */,
				434E074B15B0155C00B18FB9 /* monitoring.c in Sources */,
				434E074C15B0155C00B18FB9 /* nodeapp_licensing.m in Sources */,
				434E074E15B0155C00B18FB9 /* nodeapp_ui_element.cc in Sources */,
				434E074F15B0155C00B18FB9 /* nodeapp_ui_element_osdep.mm in Sources */,
				434E075015B0155C00B18FB9 /* nodeapp_ui_element_osdep_application.mm in Sources */,
				434E075115B0155C00B18FB9 /* nodeapp_ui_element_osdep_button.mm in Sources */,
				434E075215B0155C00B18FB9 /* nodeapp_ui_element_osdep_control.mm in Sources */,
				434E075315B0155C00B18FB9 /* nodeapp_ui_element_osdep_generic.mm in Sources */,
				434E075415B0155C00B18FB9 /* nodeapp_ui_element_osdep_outline.mm in Sources */,
				434E075515B0155C00B18FB9 /* nodeapp_ui_element_osdep_table.mm in Sources */,
				434E075615B0155C00B18FB9 /* nodeapp_ui_element_osdep_table_base.mm in Sources */,
				434E075715B0155C00B18FB9 /* nodeapp_ui_element_osdep_textfield.mm in Sources */,
				434E075815B0155C00B18FB9 /* nodeapp_ui_element_osdep_utils.mm in Sources */,
				434E075915B0155C00B18FB9 /* nodeapp_ui_element_osdep_view.mm in Sources */,
				434E075A15B0155C00B18FB9 /* nodeapp_ui_element_osdep_window.mm in Sources */,
				434E075B15B0155C00B18FB9 /* nodeapp_ui_image.m in Sources */,
				434E075C15B0155C00B18FB9 /* NodeAppWindow.m in Sources */,
				434E075D15B0155C00B18FB9 /* nodeapp_url_handler_mac.m in Sources */,
			);
			runOnlyForDeploymentPostprocessing = 0;
		};
/* End PBXSourcesBuildPhase section */

/* Begin XCBuildConfiguration section */
		43D28C60147D30E900606069 /* AppStore */ = {
			isa = XCBuildConfiguration;
			buildSettings = {
				ARCHS = "$(ARCHS_STANDARD_64_BIT)";
				CODE_SIGN_IDENTITY = "3rd Party Mac Developer Application: Andrey Tarantsov";
				COMBINE_HIDPI_IMAGES = YES;
				GCC_C_LANGUAGE_STANDARD = gnu99;
				GCC_PREPROCESSOR_DEFINITIONS = "APPSTORE=1";
				GCC_WARN_ABOUT_RETURN_TYPE = YES;
				MACOSX_DEPLOYMENT_TARGET = 10.6;
				PROVISIONING_PROFILE = "7B3A9371-6567-459B-BAA8-0688778029BC";
				SDKROOT = macosx;
				WARNING_CFLAGS = (
					"-Wall",
					"-Wextra",
					"-Wpointer-arith",
					"-Wformat=2",
					"-Wfloat-equal",
					"-Wstrict-overflow=4",
					"-Wbad-function-cast",
					"-Winline",
					"-Wstrict-aliasing",
					"-Wno-unused-parameter",
					"-Wno-arc-performSelector-leaks",
				);
			};
			name = AppStore;
		};
		43D28C61147D30E900606069 /* AppStore */ = {
			isa = XCBuildConfiguration;
			buildSettings = {
				ALWAYS_SEARCH_USER_PATHS = NO;
				DEBUG_INFORMATION_FORMAT = "dwarf-with-dsym";
				GCC_PRECOMPILE_PREFIX_HEADER = YES;
				GCC_PREFIX_HEADER = src/prefix.pch;
				INFOPLIST_FILE = Info.plist;
				INSTALL_PATH = "$(HOME)/Applications";
				OTHER_LDFLAGS = "-lz";
				PRODUCT_NAME = LiveReload;
			};
			name = AppStore;
		};
		C01FCF4B08A954540054247B /* Debug */ = {
			isa = XCBuildConfiguration;
			buildSettings = {
				ALWAYS_SEARCH_USER_PATHS = NO;
				COPY_PHASE_STRIP = NO;
				GCC_DYNAMIC_NO_PIC = NO;
				GCC_OPTIMIZATION_LEVEL = 0;
				GCC_PRECOMPILE_PREFIX_HEADER = YES;
				GCC_PREFIX_HEADER = src/prefix.pch;
				INFOPLIST_FILE = Info.plist;
				INSTALL_PATH = "$(HOME)/Applications";
				OTHER_LDFLAGS = "-lz";
				PRODUCT_NAME = LiveReload;
			};
			name = Debug;
		};
		C01FCF4C08A954540054247B /* Release */ = {
			isa = XCBuildConfiguration;
			buildSettings = {
				ALWAYS_SEARCH_USER_PATHS = NO;
				DEBUG_INFORMATION_FORMAT = "dwarf-with-dsym";
				GCC_PRECOMPILE_PREFIX_HEADER = YES;
				GCC_PREFIX_HEADER = src/prefix.pch;
				INFOPLIST_FILE = Info.plist;
				INSTALL_PATH = "$(HOME)/Applications";
				OTHER_LDFLAGS = "-lz";
				PRODUCT_NAME = LiveReload;
			};
			name = Release;
		};
		C01FCF4F08A954540054247B /* Debug */ = {
			isa = XCBuildConfiguration;
			buildSettings = {
				ARCHS = "$(ARCHS_STANDARD_64_BIT)";
				CODE_SIGN_IDENTITY = "";
				COMBINE_HIDPI_IMAGES = YES;
				GCC_C_LANGUAGE_STANDARD = gnu99;
				GCC_OPTIMIZATION_LEVEL = 0;
				GCC_WARN_ABOUT_RETURN_TYPE = YES;
				MACOSX_DEPLOYMENT_TARGET = 10.6;
				ONLY_ACTIVE_ARCH = YES;
				SDKROOT = macosx;
				WARNING_CFLAGS = (
					"-Wall",
					"-Wextra",
					"-Wpointer-arith",
					"-Wformat=2",
					"-Wfloat-equal",
					"-Wstrict-overflow=4",
					"-Wbad-function-cast",
					"-Winline",
					"-Wstrict-aliasing",
					"-Wno-unused-parameter",
					"-Wno-arc-performSelector-leaks",
				);
			};
			name = Debug;
		};
		C01FCF5008A954540054247B /* Release */ = {
			isa = XCBuildConfiguration;
			buildSettings = {
				ARCHS = "$(ARCHS_STANDARD_64_BIT)";
				CODE_SIGN_IDENTITY = "";
				COMBINE_HIDPI_IMAGES = YES;
				GCC_C_LANGUAGE_STANDARD = gnu99;
				GCC_WARN_ABOUT_RETURN_TYPE = YES;
				MACOSX_DEPLOYMENT_TARGET = 10.6;
				SDKROOT = macosx;
				WARNING_CFLAGS = (
					"-Wall",
					"-Wextra",
					"-Wpointer-arith",
					"-Wformat=2",
					"-Wfloat-equal",
					"-Wstrict-overflow=4",
					"-Wbad-function-cast",
					"-Winline",
					"-Wstrict-aliasing",
					"-Wno-unused-parameter",
					"-Wno-arc-performSelector-leaks",
				);
			};
			name = Release;
		};
/* End XCBuildConfiguration section */

/* Begin XCConfigurationList section */
		C01FCF4A08A954540054247B /* Build configuration list for PBXNativeTarget "LiveReload" */ = {
			isa = XCConfigurationList;
			buildConfigurations = (
				C01FCF4B08A954540054247B /* Debug */,
				C01FCF4C08A954540054247B /* Release */,
				43D28C61147D30E900606069 /* AppStore */,
			);
			defaultConfigurationIsVisible = 0;
			defaultConfigurationName = Release;
		};
		C01FCF4E08A954540054247B /* Build configuration list for PBXProject "LiveReload" */ = {
			isa = XCConfigurationList;
			buildConfigurations = (
				C01FCF4F08A954540054247B /* Debug */,
				C01FCF5008A954540054247B /* Release */,
				43D28C60147D30E900606069 /* AppStore */,
			);
			defaultConfigurationIsVisible = 0;
			defaultConfigurationName = Release;
		};
/* End XCConfigurationList section */
	};
	rootObject = 29B97313FDCFA39411CA2CEA /* Project object */;
}
